// !$*UTF8*$!
{
	archiveVersion = 1;
	classes = {
	};
	objectVersion = 46;
	objects = {
/* Begin PBXBuildFile section */
		0207DA581B56EA530066E2B4 /* Images.xcassets in Resources */ = {isa = PBXBuildFile; fileRef = 0207DA571B56EA530066E2B4 /* Images.xcassets */; };
		1D3623260D0F684500981E51 /* AppDelegate.m in Sources */ = {isa = PBXBuildFile; fileRef = 1D3623250D0F684500981E51 /* AppDelegate.m */; };
		1D60589B0D05DD56006BFB54 /* main.m in Sources */ = {isa = PBXBuildFile; fileRef = 29B97316FDCFA39411CA2CEA /* main.m */; };
		301BF552109A68D80062928A /* libCordova.a in Frameworks */ = {isa = PBXBuildFile; fileRef = 301BF535109A57CC0062928A /* libCordova.a */; };
		302D95F114D2391D003F00A1 /* MainViewController.m in Sources */ = {isa = PBXBuildFile; fileRef = 302D95EF14D2391D003F00A1 /* MainViewController.m */; };
		302D95F214D2391D003F00A1 /* MainViewController.xib in Resources */ = {isa = PBXBuildFile; fileRef = 302D95F014D2391D003F00A1 /* MainViewController.xib */; };
		3047A5121AB8059700498E2A /* build-debug.xcconfig in Resources */ = {isa = PBXBuildFile; fileRef = 3047A50F1AB8059700498E2A /* build-debug.xcconfig */; };
		3047A5131AB8059700498E2A /* build-release.xcconfig in Resources */ = {isa = PBXBuildFile; fileRef = 3047A5101AB8059700498E2A /* build-release.xcconfig */; };
		3047A5141AB8059700498E2A /* build.xcconfig in Resources */ = {isa = PBXBuildFile; fileRef = 3047A5111AB8059700498E2A /* build.xcconfig */; };
		6AFF5BF91D6E424B00AB3073 /* CDVLaunchScreen.storyboard in Resources */ = {isa = PBXBuildFile; fileRef = 6AFF5BF81D6E424B00AB3073 /* CDVLaunchScreen.storyboard */; };
		7CBC1FA0E55944ED82AC149A /* CDVBattery.m in Sources */ = {isa = PBXBuildFile; fileRef = 924372F08C7A4C1BA5BEDE97 /* CDVBattery.m */; };
		4D6F85170B774303A30D6588 /* EVOBLE.m in Sources */ = {isa = PBXBuildFile; fileRef = E5234A5423C84D0D999E178A /* EVOBLE.m */; };
		C8384070A2204AFDB900DCD6 /* CoreBluetooth.framework in Frameworks */ = {isa = PBXBuildFile; fileRef = 32BE488A2D704F0482E0623A /* CoreBluetooth.framework */; };
		5ED8DE9F32874738A2E5D375 /* UIImage+CropScaleOrientation.m in Sources */ = {isa = PBXBuildFile; fileRef = 2FE39E726AE04D038F32AEF0 /* UIImage+CropScaleOrientation.m */; };
		B9C742E5FCE04B29B8884106 /* CDVCamera.m in Sources */ = {isa = PBXBuildFile; fileRef = 5AB661EE1A064AF0AAE050C6 /* CDVCamera.m */; };
		4A22CA8EF5BD48E2BCA58FD2 /* CDVJpegHeaderWriter.m in Sources */ = {isa = PBXBuildFile; fileRef = C32AF54A5EE641F7836EAFD0 /* CDVJpegHeaderWriter.m */; };
		70A62018020742ADBE3281D8 /* ImageIO.framework in Frameworks */ = {isa = PBXBuildFile; fileRef = E1BC7C49B8134CFCBF73F307 /* ImageIO.framework */; settings = {ATTRIBUTES = (Weak, ); }; };
		3815840E69E04A5AA529D5B0 /* CoreLocation.framework in Frameworks */ = {isa = PBXBuildFile; fileRef = BC5172D6A94A4B0FBD0FC2C9 /* CoreLocation.framework */; };
		7E2AF6060E0F4179AE0E6A53 /* AVFoundation.framework in Frameworks */ = {isa = PBXBuildFile; fileRef = 8EE282EB9E464A87AAB4E788 /* AVFoundation.framework */; };
		C41B8C1CFDF3427CB8B8ED5F /* CDVLogger.m in Sources */ = {isa = PBXBuildFile; fileRef = 2E2B37AEAF9D45ACA025DAF7 /* CDVLogger.m */; };
		754A23464FB843E9AA9F5201 /* CDVContacts.m in Sources */ = {isa = PBXBuildFile; fileRef = C41FB807FAE34FA4A925F777 /* CDVContacts.m */; };
		262E5938810545B4987C3702 /* CDVContact.m in Sources */ = {isa = PBXBuildFile; fileRef = FBE0BEBC26F64B77AC1272F8 /* CDVContact.m */; };
		A90872CD4BAF4242AB8E22E2 /* AddressBook.framework in Frameworks */ = {isa = PBXBuildFile; fileRef = FE743A453BCB4182AA6BE465 /* AddressBook.framework */; settings = {ATTRIBUTES = (Weak, ); }; };
		F204BB033F4A4CD0953FF81A /* AddressBookUI.framework in Frameworks */ = {isa = PBXBuildFile; fileRef = 9F71853DC29C4D018EEC6AF8 /* AddressBookUI.framework */; settings = {ATTRIBUTES = (Weak, ); }; };
		2F120D556980456794ECBC3E /* CDVDevice.m in Sources */ = {isa = PBXBuildFile; fileRef = 27FB3559A8924A6BAA749B2A /* CDVDevice.m */; };
		ACA3939B36CF497B8A3B5A70 /* libz.tbd in Frameworks */ = {isa = PBXBuildFile; fileRef = 1595A1F6B7B747B891CF75D3 /* libz.tbd */; };
		764D0E319B514A4F9B0B957E /* CDVAccelerometer.m in Sources */ = {isa = PBXBuildFile; fileRef = 7DDC1B2D45B44222BA5BD749 /* CDVAccelerometer.m */; };
		C2339EBA38AD4CF39E8B0F7B /* CoreMotion.framework in Frameworks */ = {isa = PBXBuildFile; fileRef = 73F1A8412D634DDFB6C2B684 /* CoreMotion.framework */; };
		FA7CD1089B894E8A8AEF269E /* CDVCompass.m in Sources */ = {isa = PBXBuildFile; fileRef = C15BC0543E1D40A9AAC4BC64 /* CDVCompass.m */; };
		33E22C67163E49F59E78C6D4 /* CDVNotification.m in Sources */ = {isa = PBXBuildFile; fileRef = 2EDF2B25B89944AE96EA9215 /* CDVNotification.m */; };
		4F5EE820336547D295342039 /* CDVNotification.bundle in Resources */ = {isa = PBXBuildFile; fileRef = 12601D9E978F4449818A4582 /* CDVNotification.bundle */; };
		AE23191C57ED46B5954A3E6C /* AudioToolbox.framework in Frameworks */ = {isa = PBXBuildFile; fileRef = 12835209BB8447EABDF68CE9 /* AudioToolbox.framework */; settings = {ATTRIBUTES = (Weak, ); }; };
		D513F693AF73425EB7FE33A9 /* CDVFile.m in Sources */ = {isa = PBXBuildFile; fileRef = 6952D833D0A9484CAB8AB4AF /* CDVFile.m */; };
		974A9AEDF59645F582544A9C /* CDVLocalFilesystem.m in Sources */ = {isa = PBXBuildFile; fileRef = C49BDC65E30F4081A3D778AD /* CDVLocalFilesystem.m */; };
		ED6D3997D5564AD38A0524BF /* CDVAssetLibraryFilesystem.m in Sources */ = {isa = PBXBuildFile; fileRef = 216C24634A5D4504B0A174FA /* CDVAssetLibraryFilesystem.m */; };
		1A76751178A84F1589081DBB /* CDVFileTransfer.m in Sources */ = {isa = PBXBuildFile; fileRef = E9964050AF87443B8F3BEDE6 /* CDVFileTransfer.m */; };
		AA22B0DA1591437AAF2D24A2 /* CDVLocation.m in Sources */ = {isa = PBXBuildFile; fileRef = 2644D81D878640DAB84BF8CA /* CDVLocation.m */; };
		58B024FBE8A1481B9C06095B /* CDVGlobalization.m in Sources */ = {isa = PBXBuildFile; fileRef = A73792531D5345AD8583F416 /* CDVGlobalization.m */; };
		01F935F48FEB422482337E95 /* CDVInAppBrowser.m in Sources */ = {isa = PBXBuildFile; fileRef = 96319A60FCF0472B82670989 /* CDVInAppBrowser.m */; };
		D5CD397986D74C0EAEBFB06F /* CDVSound.m in Sources */ = {isa = PBXBuildFile; fileRef = A573703E1BF748989704D693 /* CDVSound.m */; };
		B48D2B90E26B4CB2BC6DD796 /* CDVCapture.m in Sources */ = {isa = PBXBuildFile; fileRef = 911389D184A54636A40CE67E /* CDVCapture.m */; };
		1E73ABFFC389463DBFF95771 /* CDVCapture.bundle in Resources */ = {isa = PBXBuildFile; fileRef = 9D2229C109634C309ED0662C /* CDVCapture.bundle */; };
		083C98964D5B47ACB352DDA9 /* CDVConnection.m in Sources */ = {isa = PBXBuildFile; fileRef = D1D7E88B6C6947C5A8B51333 /* CDVConnection.m */; };
		9DD069919D404B5D9ACCFAB3 /* CDVReachability.m in Sources */ = {isa = PBXBuildFile; fileRef = 9BC0B11A7EC04485AD59175B /* CDVReachability.m */; };
		6D6A1FEF6DB543449451C400 /* SystemConfiguration.framework in Frameworks */ = {isa = PBXBuildFile; fileRef = 45B598B955D04A7EA647B4DC /* SystemConfiguration.framework */; settings = {ATTRIBUTES = (Weak, ); }; };
		05A35C607D404278BCB95E61 /* CoreTelephony.framework in Frameworks */ = {isa = PBXBuildFile; fileRef = DE9C856B86E04BA9ABC1AF9F /* CoreTelephony.framework */; };
		7B75B6A4AB1B46E280C9E8CC /* CDVSplashScreen.m in Sources */ = {isa = PBXBuildFile; fileRef = BEA64FFF5EA04A27BD339A23 /* CDVSplashScreen.m */; };
		5E9655950D4443D29B8929F2 /* CDVViewController+SplashScreen.m in Sources */ = {isa = PBXBuildFile; fileRef = 2A9269BC81D94C63B6CA806B /* CDVViewController+SplashScreen.m */; };
		9E18263A319A42F9BE36FA2D /* CDVStatusBar.m in Sources */ = {isa = PBXBuildFile; fileRef = 72903F1256F74045A4E34F29 /* CDVStatusBar.m */; };
		68596C7AF5754C0F9B6F5EB3 /* CDVVibration.m in Sources */ = {isa = PBXBuildFile; fileRef = DA3EC3859CB84910A8D4D8A4 /* CDVVibration.m */; };
/* End PBXBuildFile section */

/* Begin PBXContainerItemProxy section */
		301BF534109A57CC0062928A /* PBXContainerItemProxy */ = {
			isa = PBXContainerItemProxy;
			containerPortal = 301BF52D109A57CC0062928A /* CordovaLib.xcodeproj */;
			proxyType = 2;
			remoteGlobalIDString = D2AAC07E0554694100DB518D;
			remoteInfo = CordovaLib;
		};
		301BF550109A68C00062928A /* PBXContainerItemProxy */ = {
			isa = PBXContainerItemProxy;
			containerPortal = 301BF52D109A57CC0062928A /* CordovaLib.xcodeproj */;
			proxyType = 1;
			remoteGlobalIDString = D2AAC07D0554694100DB518D;
			remoteInfo = CordovaLib;
		};
/* End PBXContainerItemProxy section */

/* Begin PBXFileReference section */
		0207DA571B56EA530066E2B4 /* Images.xcassets */ = {isa = PBXFileReference; lastKnownFileType = folder.assetcatalog; name = Images.xcassets; path = "beaconTest/Images.xcassets"; sourceTree = SOURCE_ROOT; };
		1D3623240D0F684500981E51 /* AppDelegate.h */ = {isa = PBXFileReference; fileEncoding = 4; lastKnownFileType = sourcecode.c.h; path = AppDelegate.h; sourceTree = "<group>"; };
		1D3623250D0F684500981E51 /* AppDelegate.m */ = {isa = PBXFileReference; fileEncoding = 4; lastKnownFileType = sourcecode.c.objc; path = AppDelegate.m; sourceTree = "<group>"; };
		1D6058910D05DD3D006BFB54 /* beaconTest.app */ = {isa = PBXFileReference; explicitFileType = wrapper.application; includeInIndex = 0; path = "beaconTest.app"; sourceTree = BUILT_PRODUCTS_DIR; };
		29B97316FDCFA39411CA2CEA /* main.m */ = {isa = PBXFileReference; fileEncoding = 4; lastKnownFileType = sourcecode.c.objc; path = main.m; sourceTree = "<group>"; };
		301BF52D109A57CC0062928A /* CordovaLib.xcodeproj */ = {isa = PBXFileReference; lastKnownFileType = "wrapper.pb-project"; path = CordovaLib/CordovaLib.xcodeproj; sourceTree = "<group>"; };
		301BF56E109A69640062928A /* www */ = {isa = PBXFileReference; lastKnownFileType = folder; path = www; sourceTree = SOURCE_ROOT; };
		302D95EE14D2391D003F00A1 /* MainViewController.h */ = {isa = PBXFileReference; fileEncoding = 4; lastKnownFileType = sourcecode.c.h; path = MainViewController.h; sourceTree = "<group>"; };
		302D95EF14D2391D003F00A1 /* MainViewController.m */ = {isa = PBXFileReference; fileEncoding = 4; lastKnownFileType = sourcecode.c.objc; path = MainViewController.m; sourceTree = "<group>"; };
		302D95F014D2391D003F00A1 /* MainViewController.xib */ = {isa = PBXFileReference; fileEncoding = 4; lastKnownFileType = file.xib; path = MainViewController.xib; sourceTree = "<group>"; };
		3047A50F1AB8059700498E2A /* build-debug.xcconfig */ = {isa = PBXFileReference; fileEncoding = 4; lastKnownFileType = text.xcconfig; name = "build-debug.xcconfig"; path = cordova/build-debug.xcconfig; sourceTree = SOURCE_ROOT; };
		3047A5101AB8059700498E2A /* build-release.xcconfig */ = {isa = PBXFileReference; fileEncoding = 4; lastKnownFileType = text.xcconfig; name = "build-release.xcconfig"; path = cordova/build-release.xcconfig; sourceTree = SOURCE_ROOT; };
		3047A5111AB8059700498E2A /* build.xcconfig */ = {isa = PBXFileReference; fileEncoding = 4; lastKnownFileType = text.xcconfig; name = build.xcconfig; path = cordova/build.xcconfig; sourceTree = SOURCE_ROOT; };
		32CA4F630368D1EE00C91783 /* beaconTest-Prefix.pch */ = {isa = PBXFileReference; fileEncoding = 4; lastKnownFileType = sourcecode.c.h; path = "beaconTest-Prefix.pch"; sourceTree = "<group>"; };
		6AFF5BF81D6E424B00AB3073 /* CDVLaunchScreen.storyboard */ = {isa = PBXFileReference; fileEncoding = 4; lastKnownFileType = file.storyboard; name = CDVLaunchScreen.storyboard; path = "beaconTest/CDVLaunchScreen.storyboard"; sourceTree = SOURCE_ROOT; };
		8D1107310486CEB800E47090 /* beaconTest-Info.plist */ = {isa = PBXFileReference; fileEncoding = 4; lastKnownFileType = text.plist.xml; name = "beaconTest-Info.plist"; path = "beaconTest/beaconTest-Info.plist"; plistStructureDefinitionIdentifier = "com.apple.xcode.plist.structure-definition.iphone.info-plist"; sourceTree = SOURCE_ROOT; };
		EB87FDF31871DA8E0020F90C /* www */ = {isa = PBXFileReference; lastKnownFileType = folder; name = www; path = ../../www; sourceTree = "<group>"; };
		EB87FDF41871DAF40020F90C /* config.xml */ = {isa = PBXFileReference; lastKnownFileType = text.xml; name = config.xml; path = ../../config.xml; sourceTree = "<group>"; };
		F840E1F0165FE0F500CFE078 /* config.xml */ = {isa = PBXFileReference; lastKnownFileType = text.xml; name = config.xml; path = "beaconTest/config.xml"; sourceTree = "<group>"; };
		ED33DF2A687741AEAF9F8254 /* Bridging-Header.h */ = {isa = PBXFileReference; fileEncoding = 4; lastKnownFileType = sourcecode.c.h; name = "Bridging-Header.h"; path = "Bridging-Header.h"; sourceTree = "<group>"; };
		924372F08C7A4C1BA5BEDE97 /* CDVBattery.m */ = {isa = PBXFileReference; name = "CDVBattery.m"; path = "cordova-plugin-battery-status/CDVBattery.m"; sourceTree = "<group>"; fileEncoding = 4; lastKnownFileType = sourcecode.c.objc; explicitFileType = undefined; includeInIndex = 0; };
		38035BF2F8644898A06498D6 /* CDVBattery.h */ = {isa = PBXFileReference; name = "CDVBattery.h"; path = "cordova-plugin-battery-status/CDVBattery.h"; sourceTree = "<group>"; fileEncoding = 4; lastKnownFileType = sourcecode.c.h; explicitFileType = undefined; includeInIndex = 0; };
		E5234A5423C84D0D999E178A /* EVOBLE.m */ = {isa = PBXFileReference; name = "EVOBLE.m"; path = "cordova-plugin-ble/EVOBLE.m"; sourceTree = "<group>"; fileEncoding = 4; lastKnownFileType = sourcecode.c.objc; explicitFileType = undefined; includeInIndex = 0; };
		92F699223D474F3B99BF69AF /* EVOBLE.h */ = {isa = PBXFileReference; name = "EVOBLE.h"; path = "cordova-plugin-ble/EVOBLE.h"; sourceTree = "<group>"; fileEncoding = 4; lastKnownFileType = sourcecode.c.h; explicitFileType = undefined; includeInIndex = 0; };
		32BE488A2D704F0482E0623A /* CoreBluetooth.framework */ = {isa = PBXFileReference; name = "CoreBluetooth.framework"; path = "System/Library/Frameworks/CoreBluetooth.framework"; sourceTree = SDKROOT; fileEncoding = undefined; lastKnownFileType = wrapper.framework; explicitFileType = undefined; includeInIndex = 0; };
		2FE39E726AE04D038F32AEF0 /* UIImage+CropScaleOrientation.m */ = {isa = PBXFileReference; name = "UIImage+CropScaleOrientation.m"; path = "cordova-plugin-camera/UIImage+CropScaleOrientation.m"; sourceTree = "<group>"; fileEncoding = 4; lastKnownFileType = sourcecode.c.objc; explicitFileType = undefined; includeInIndex = 0; };
		5AB661EE1A064AF0AAE050C6 /* CDVCamera.m */ = {isa = PBXFileReference; name = "CDVCamera.m"; path = "cordova-plugin-camera/CDVCamera.m"; sourceTree = "<group>"; fileEncoding = 4; lastKnownFileType = sourcecode.c.objc; explicitFileType = undefined; includeInIndex = 0; };
		C32AF54A5EE641F7836EAFD0 /* CDVJpegHeaderWriter.m */ = {isa = PBXFileReference; name = "CDVJpegHeaderWriter.m"; path = "cordova-plugin-camera/CDVJpegHeaderWriter.m"; sourceTree = "<group>"; fileEncoding = 4; lastKnownFileType = sourcecode.c.objc; explicitFileType = undefined; includeInIndex = 0; };
		B6D3DAF446CD4D69BA6AD116 /* UIImage+CropScaleOrientation.h */ = {isa = PBXFileReference; name = "UIImage+CropScaleOrientation.h"; path = "cordova-plugin-camera/UIImage+CropScaleOrientation.h"; sourceTree = "<group>"; fileEncoding = 4; lastKnownFileType = sourcecode.c.h; explicitFileType = undefined; includeInIndex = 0; };
		15B91DA5A4C349F3A3DAA6B0 /* CDVCamera.h */ = {isa = PBXFileReference; name = "CDVCamera.h"; path = "cordova-plugin-camera/CDVCamera.h"; sourceTree = "<group>"; fileEncoding = 4; lastKnownFileType = sourcecode.c.h; explicitFileType = undefined; includeInIndex = 0; };
		A39C8CC5EAA34E1ABF71728B /* CDVJpegHeaderWriter.h */ = {isa = PBXFileReference; name = "CDVJpegHeaderWriter.h"; path = "cordova-plugin-camera/CDVJpegHeaderWriter.h"; sourceTree = "<group>"; fileEncoding = 4; lastKnownFileType = sourcecode.c.h; explicitFileType = undefined; includeInIndex = 0; };
		2C1BC189CFEA425EAE05FFA6 /* CDVExif.h */ = {isa = PBXFileReference; name = "CDVExif.h"; path = "cordova-plugin-camera/CDVExif.h"; sourceTree = "<group>"; fileEncoding = 4; lastKnownFileType = sourcecode.c.h; explicitFileType = undefined; includeInIndex = 0; };
		E1BC7C49B8134CFCBF73F307 /* ImageIO.framework */ = {isa = PBXFileReference; name = "ImageIO.framework"; path = "System/Library/Frameworks/ImageIO.framework"; sourceTree = SDKROOT; fileEncoding = undefined; lastKnownFileType = wrapper.framework; explicitFileType = undefined; includeInIndex = 0; };
		BC5172D6A94A4B0FBD0FC2C9 /* CoreLocation.framework */ = {isa = PBXFileReference; name = "CoreLocation.framework"; path = "System/Library/Frameworks/CoreLocation.framework"; sourceTree = SDKROOT; fileEncoding = undefined; lastKnownFileType = wrapper.framework; explicitFileType = undefined; includeInIndex = 0; };
		8EE282EB9E464A87AAB4E788 /* AVFoundation.framework */ = {isa = PBXFileReference; name = "AVFoundation.framework"; path = "System/Library/Frameworks/AVFoundation.framework"; sourceTree = SDKROOT; fileEncoding = undefined; lastKnownFileType = wrapper.framework; explicitFileType = undefined; includeInIndex = 0; };
		2E2B37AEAF9D45ACA025DAF7 /* CDVLogger.m */ = {isa = PBXFileReference; name = "CDVLogger.m"; path = "cordova-plugin-console/CDVLogger.m"; sourceTree = "<group>"; fileEncoding = 4; lastKnownFileType = sourcecode.c.objc; explicitFileType = undefined; includeInIndex = 0; };
		3E009D6767284A009265C56A /* CDVLogger.h */ = {isa = PBXFileReference; name = "CDVLogger.h"; path = "cordova-plugin-console/CDVLogger.h"; sourceTree = "<group>"; fileEncoding = 4; lastKnownFileType = sourcecode.c.h; explicitFileType = undefined; includeInIndex = 0; };
		C41FB807FAE34FA4A925F777 /* CDVContacts.m */ = {isa = PBXFileReference; name = "CDVContacts.m"; path = "cordova-plugin-contacts/CDVContacts.m"; sourceTree = "<group>"; fileEncoding = 4; lastKnownFileType = sourcecode.c.objc; explicitFileType = undefined; includeInIndex = 0; };
		FBE0BEBC26F64B77AC1272F8 /* CDVContact.m */ = {isa = PBXFileReference; name = "CDVContact.m"; path = "cordova-plugin-contacts/CDVContact.m"; sourceTree = "<group>"; fileEncoding = 4; lastKnownFileType = sourcecode.c.objc; explicitFileType = undefined; includeInIndex = 0; };
		EB7495DBE0A341809EB0C6E2 /* CDVContacts.h */ = {isa = PBXFileReference; name = "CDVContacts.h"; path = "cordova-plugin-contacts/CDVContacts.h"; sourceTree = "<group>"; fileEncoding = 4; lastKnownFileType = sourcecode.c.h; explicitFileType = undefined; includeInIndex = 0; };
		111763514DB44B6D9420A805 /* CDVContact.h */ = {isa = PBXFileReference; name = "CDVContact.h"; path = "cordova-plugin-contacts/CDVContact.h"; sourceTree = "<group>"; fileEncoding = 4; lastKnownFileType = sourcecode.c.h; explicitFileType = undefined; includeInIndex = 0; };
		FE743A453BCB4182AA6BE465 /* AddressBook.framework */ = {isa = PBXFileReference; name = "AddressBook.framework"; path = "System/Library/Frameworks/AddressBook.framework"; sourceTree = SDKROOT; fileEncoding = undefined; lastKnownFileType = wrapper.framework; explicitFileType = undefined; includeInIndex = 0; };
		9F71853DC29C4D018EEC6AF8 /* AddressBookUI.framework */ = {isa = PBXFileReference; name = "AddressBookUI.framework"; path = "System/Library/Frameworks/AddressBookUI.framework"; sourceTree = SDKROOT; fileEncoding = undefined; lastKnownFileType = wrapper.framework; explicitFileType = undefined; includeInIndex = 0; };
		27FB3559A8924A6BAA749B2A /* CDVDevice.m */ = {isa = PBXFileReference; name = "CDVDevice.m"; path = "cordova-plugin-device/CDVDevice.m"; sourceTree = "<group>"; fileEncoding = 4; lastKnownFileType = sourcecode.c.objc; explicitFileType = undefined; includeInIndex = 0; };
		7741FDFF2DC54BC0B23C3B19 /* CDVDevice.h */ = {isa = PBXFileReference; name = "CDVDevice.h"; path = "cordova-plugin-device/CDVDevice.h"; sourceTree = "<group>"; fileEncoding = 4; lastKnownFileType = sourcecode.c.h; explicitFileType = undefined; includeInIndex = 0; };
		1595A1F6B7B747B891CF75D3 /* libz.tbd */ = {isa = PBXFileReference; name = "libz.tbd"; path = "usr/lib/libz.tbd"; sourceTree = SDKROOT; fileEncoding = undefined; lastKnownFileType = sourcecode.text-based-dylib-definition; explicitFileType = undefined; includeInIndex = 0; };
		7DDC1B2D45B44222BA5BD749 /* CDVAccelerometer.m */ = {isa = PBXFileReference; name = "CDVAccelerometer.m"; path = "cordova-plugin-device-motion/CDVAccelerometer.m"; sourceTree = "<group>"; fileEncoding = 4; lastKnownFileType = sourcecode.c.objc; explicitFileType = undefined; includeInIndex = 0; };
		32F15D8617D24EF296DA4142 /* CDVAccelerometer.h */ = {isa = PBXFileReference; name = "CDVAccelerometer.h"; path = "cordova-plugin-device-motion/CDVAccelerometer.h"; sourceTree = "<group>"; fileEncoding = 4; lastKnownFileType = sourcecode.c.h; explicitFileType = undefined; includeInIndex = 0; };
		73F1A8412D634DDFB6C2B684 /* CoreMotion.framework */ = {isa = PBXFileReference; name = "CoreMotion.framework"; path = "System/Library/Frameworks/CoreMotion.framework"; sourceTree = SDKROOT; fileEncoding = undefined; lastKnownFileType = wrapper.framework; explicitFileType = undefined; includeInIndex = 0; };
		C15BC0543E1D40A9AAC4BC64 /* CDVCompass.m */ = {isa = PBXFileReference; name = "CDVCompass.m"; path = "cordova-plugin-device-orientation/CDVCompass.m"; sourceTree = "<group>"; fileEncoding = 4; lastKnownFileType = sourcecode.c.objc; explicitFileType = undefined; includeInIndex = 0; };
		ED1EA33C4AAB4DC5A4C6BDBD /* CDVCompass.h */ = {isa = PBXFileReference; name = "CDVCompass.h"; path = "cordova-plugin-device-orientation/CDVCompass.h"; sourceTree = "<group>"; fileEncoding = 4; lastKnownFileType = sourcecode.c.h; explicitFileType = undefined; includeInIndex = 0; };
		2EDF2B25B89944AE96EA9215 /* CDVNotification.m */ = {isa = PBXFileReference; name = "CDVNotification.m"; path = "cordova-plugin-dialogs/CDVNotification.m"; sourceTree = "<group>"; fileEncoding = 4; lastKnownFileType = sourcecode.c.objc; explicitFileType = undefined; includeInIndex = 0; };
		58BBFDFC6C874C25AB7A460E /* CDVNotification.h */ = {isa = PBXFileReference; name = "CDVNotification.h"; path = "cordova-plugin-dialogs/CDVNotification.h"; sourceTree = "<group>"; fileEncoding = 4; lastKnownFileType = sourcecode.c.h; explicitFileType = undefined; includeInIndex = 0; };
		12601D9E978F4449818A4582 /* CDVNotification.bundle */ = {isa = PBXFileReference; name = "CDVNotification.bundle"; path = "CDVNotification.bundle"; sourceTree = "<group>"; fileEncoding = undefined; lastKnownFileType = wrapper.plug-in; explicitFileType = undefined; includeInIndex = 0; };
		12835209BB8447EABDF68CE9 /* AudioToolbox.framework */ = {isa = PBXFileReference; name = "AudioToolbox.framework"; path = "System/Library/Frameworks/AudioToolbox.framework"; sourceTree = SDKROOT; fileEncoding = undefined; lastKnownFileType = wrapper.framework; explicitFileType = undefined; includeInIndex = 0; };
		6952D833D0A9484CAB8AB4AF /* CDVFile.m */ = {isa = PBXFileReference; name = "CDVFile.m"; path = "cordova-plugin-file/CDVFile.m"; sourceTree = "<group>"; fileEncoding = 4; lastKnownFileType = sourcecode.c.objc; explicitFileType = undefined; includeInIndex = 0; };
		C49BDC65E30F4081A3D778AD /* CDVLocalFilesystem.m */ = {isa = PBXFileReference; name = "CDVLocalFilesystem.m"; path = "cordova-plugin-file/CDVLocalFilesystem.m"; sourceTree = "<group>"; fileEncoding = 4; lastKnownFileType = sourcecode.c.objc; explicitFileType = undefined; includeInIndex = 0; };
		216C24634A5D4504B0A174FA /* CDVAssetLibraryFilesystem.m */ = {isa = PBXFileReference; name = "CDVAssetLibraryFilesystem.m"; path = "cordova-plugin-file/CDVAssetLibraryFilesystem.m"; sourceTree = "<group>"; fileEncoding = 4; lastKnownFileType = sourcecode.c.objc; explicitFileType = undefined; includeInIndex = 0; };
		CFA0F843134644D98E659566 /* CDVFile.h */ = {isa = PBXFileReference; name = "CDVFile.h"; path = "cordova-plugin-file/CDVFile.h"; sourceTree = "<group>"; fileEncoding = 4; lastKnownFileType = sourcecode.c.h; explicitFileType = undefined; includeInIndex = 0; };
		86FB1F63F99A46E4AEED72A3 /* CDVLocalFilesystem.h */ = {isa = PBXFileReference; name = "CDVLocalFilesystem.h"; path = "cordova-plugin-file/CDVLocalFilesystem.h"; sourceTree = "<group>"; fileEncoding = 4; lastKnownFileType = sourcecode.c.h; explicitFileType = undefined; includeInIndex = 0; };
		8FAC663E7CE6483D9F954F22 /* CDVAssetLibraryFilesystem.h */ = {isa = PBXFileReference; name = "CDVAssetLibraryFilesystem.h"; path = "cordova-plugin-file/CDVAssetLibraryFilesystem.h"; sourceTree = "<group>"; fileEncoding = 4; lastKnownFileType = sourcecode.c.h; explicitFileType = undefined; includeInIndex = 0; };
		E9964050AF87443B8F3BEDE6 /* CDVFileTransfer.m */ = {isa = PBXFileReference; name = "CDVFileTransfer.m"; path = "cordova-plugin-file-transfer/CDVFileTransfer.m"; sourceTree = "<group>"; fileEncoding = 4; lastKnownFileType = sourcecode.c.objc; explicitFileType = undefined; includeInIndex = 0; };
		22AFD19DD3624F8B8AF11675 /* CDVFileTransfer.h */ = {isa = PBXFileReference; name = "CDVFileTransfer.h"; path = "cordova-plugin-file-transfer/CDVFileTransfer.h"; sourceTree = "<group>"; fileEncoding = 4; lastKnownFileType = sourcecode.c.h; explicitFileType = undefined; includeInIndex = 0; };
		2644D81D878640DAB84BF8CA /* CDVLocation.m */ = {isa = PBXFileReference; name = "CDVLocation.m"; path = "cordova-plugin-geolocation/CDVLocation.m"; sourceTree = "<group>"; fileEncoding = 4; lastKnownFileType = sourcecode.c.objc; explicitFileType = undefined; includeInIndex = 0; };
		49E568F5D0A246E1A385AD8A /* CDVLocation.h */ = {isa = PBXFileReference; name = "CDVLocation.h"; path = "cordova-plugin-geolocation/CDVLocation.h"; sourceTree = "<group>"; fileEncoding = 4; lastKnownFileType = sourcecode.c.h; explicitFileType = undefined; includeInIndex = 0; };
		A73792531D5345AD8583F416 /* CDVGlobalization.m */ = {isa = PBXFileReference; name = "CDVGlobalization.m"; path = "cordova-plugin-globalization/CDVGlobalization.m"; sourceTree = "<group>"; fileEncoding = 4; lastKnownFileType = sourcecode.c.objc; explicitFileType = undefined; includeInIndex = 0; };
		78CA5185F7D741C3BA436BAA /* CDVGlobalization.h */ = {isa = PBXFileReference; name = "CDVGlobalization.h"; path = "cordova-plugin-globalization/CDVGlobalization.h"; sourceTree = "<group>"; fileEncoding = 4; lastKnownFileType = sourcecode.c.h; explicitFileType = undefined; includeInIndex = 0; };
		96319A60FCF0472B82670989 /* CDVInAppBrowser.m */ = {isa = PBXFileReference; name = "CDVInAppBrowser.m"; path = "cordova-plugin-inappbrowser/CDVInAppBrowser.m"; sourceTree = "<group>"; fileEncoding = 4; lastKnownFileType = sourcecode.c.objc; explicitFileType = undefined; includeInIndex = 0; };
		D71747ABE28B4FCF8DD67185 /* CDVInAppBrowser.h */ = {isa = PBXFileReference; name = "CDVInAppBrowser.h"; path = "cordova-plugin-inappbrowser/CDVInAppBrowser.h"; sourceTree = "<group>"; fileEncoding = 4; lastKnownFileType = sourcecode.c.h; explicitFileType = undefined; includeInIndex = 0; };
		A573703E1BF748989704D693 /* CDVSound.m */ = {isa = PBXFileReference; name = "CDVSound.m"; path = "cordova-plugin-media/CDVSound.m"; sourceTree = "<group>"; fileEncoding = 4; lastKnownFileType = sourcecode.c.objc; explicitFileType = undefined; includeInIndex = 0; };
		0958BD75985A40B1A0052007 /* CDVSound.h */ = {isa = PBXFileReference; name = "CDVSound.h"; path = "cordova-plugin-media/CDVSound.h"; sourceTree = "<group>"; fileEncoding = 4; lastKnownFileType = sourcecode.c.h; explicitFileType = undefined; includeInIndex = 0; };
		911389D184A54636A40CE67E /* CDVCapture.m */ = {isa = PBXFileReference; name = "CDVCapture.m"; path = "cordova-plugin-media-capture/CDVCapture.m"; sourceTree = "<group>"; fileEncoding = 4; lastKnownFileType = sourcecode.c.objc; explicitFileType = undefined; includeInIndex = 0; };
		F68099B978764494AD40EBE0 /* CDVCapture.h */ = {isa = PBXFileReference; name = "CDVCapture.h"; path = "cordova-plugin-media-capture/CDVCapture.h"; sourceTree = "<group>"; fileEncoding = 4; lastKnownFileType = sourcecode.c.h; explicitFileType = undefined; includeInIndex = 0; };
		9D2229C109634C309ED0662C /* CDVCapture.bundle */ = {isa = PBXFileReference; name = "CDVCapture.bundle"; path = "CDVCapture.bundle"; sourceTree = "<group>"; fileEncoding = undefined; lastKnownFileType = wrapper.plug-in; explicitFileType = undefined; includeInIndex = 0; };
		D1D7E88B6C6947C5A8B51333 /* CDVConnection.m */ = {isa = PBXFileReference; name = "CDVConnection.m"; path = "cordova-plugin-network-information/CDVConnection.m"; sourceTree = "<group>"; fileEncoding = 4; lastKnownFileType = sourcecode.c.objc; explicitFileType = undefined; includeInIndex = 0; };
		9BC0B11A7EC04485AD59175B /* CDVReachability.m */ = {isa = PBXFileReference; name = "CDVReachability.m"; path = "cordova-plugin-network-information/CDVReachability.m"; sourceTree = "<group>"; fileEncoding = 4; lastKnownFileType = sourcecode.c.objc; explicitFileType = undefined; includeInIndex = 0; };
		15C4D7A1926B4E0EAC6D275F /* CDVConnection.h */ = {isa = PBXFileReference; name = "CDVConnection.h"; path = "cordova-plugin-network-information/CDVConnection.h"; sourceTree = "<group>"; fileEncoding = 4; lastKnownFileType = sourcecode.c.h; explicitFileType = undefined; includeInIndex = 0; };
		ADB541288F93472BBF62D52A /* CDVReachability.h */ = {isa = PBXFileReference; name = "CDVReachability.h"; path = "cordova-plugin-network-information/CDVReachability.h"; sourceTree = "<group>"; fileEncoding = 4; lastKnownFileType = sourcecode.c.h; explicitFileType = undefined; includeInIndex = 0; };
		45B598B955D04A7EA647B4DC /* SystemConfiguration.framework */ = {isa = PBXFileReference; name = "SystemConfiguration.framework"; path = "System/Library/Frameworks/SystemConfiguration.framework"; sourceTree = SDKROOT; fileEncoding = undefined; lastKnownFileType = wrapper.framework; explicitFileType = undefined; includeInIndex = 0; };
		DE9C856B86E04BA9ABC1AF9F /* CoreTelephony.framework */ = {isa = PBXFileReference; name = "CoreTelephony.framework"; path = "System/Library/Frameworks/CoreTelephony.framework"; sourceTree = SDKROOT; fileEncoding = undefined; lastKnownFileType = wrapper.framework; explicitFileType = undefined; includeInIndex = 0; };
		BEA64FFF5EA04A27BD339A23 /* CDVSplashScreen.m */ = {isa = PBXFileReference; name = "CDVSplashScreen.m"; path = "cordova-plugin-splashscreen/CDVSplashScreen.m"; sourceTree = "<group>"; fileEncoding = 4; lastKnownFileType = sourcecode.c.objc; explicitFileType = undefined; includeInIndex = 0; };
		2A9269BC81D94C63B6CA806B /* CDVViewController+SplashScreen.m */ = {isa = PBXFileReference; name = "CDVViewController+SplashScreen.m"; path = "cordova-plugin-splashscreen/CDVViewController+SplashScreen.m"; sourceTree = "<group>"; fileEncoding = 4; lastKnownFileType = sourcecode.c.objc; explicitFileType = undefined; includeInIndex = 0; };
		35606211DD6E4167A24E466C /* CDVSplashScreen.h */ = {isa = PBXFileReference; name = "CDVSplashScreen.h"; path = "cordova-plugin-splashscreen/CDVSplashScreen.h"; sourceTree = "<group>"; fileEncoding = 4; lastKnownFileType = sourcecode.c.h; explicitFileType = undefined; includeInIndex = 0; };
		31054FA36EB24FA3938CB846 /* CDVViewController+SplashScreen.h */ = {isa = PBXFileReference; name = "CDVViewController+SplashScreen.h"; path = "cordova-plugin-splashscreen/CDVViewController+SplashScreen.h"; sourceTree = "<group>"; fileEncoding = 4; lastKnownFileType = sourcecode.c.h; explicitFileType = undefined; includeInIndex = 0; };
		72903F1256F74045A4E34F29 /* CDVStatusBar.m */ = {isa = PBXFileReference; name = "CDVStatusBar.m"; path = "cordova-plugin-statusbar/CDVStatusBar.m"; sourceTree = "<group>"; fileEncoding = 4; lastKnownFileType = sourcecode.c.objc; explicitFileType = undefined; includeInIndex = 0; };
		2C578B93C9254920A0E554B0 /* CDVStatusBar.h */ = {isa = PBXFileReference; name = "CDVStatusBar.h"; path = "cordova-plugin-statusbar/CDVStatusBar.h"; sourceTree = "<group>"; fileEncoding = 4; lastKnownFileType = sourcecode.c.h; explicitFileType = undefined; includeInIndex = 0; };
		DA3EC3859CB84910A8D4D8A4 /* CDVVibration.m */ = {isa = PBXFileReference; name = "CDVVibration.m"; path = "cordova-plugin-vibration/CDVVibration.m"; sourceTree = "<group>"; fileEncoding = 4; lastKnownFileType = sourcecode.c.objc; explicitFileType = undefined; includeInIndex = 0; };
		D1A06EC790094FB79F3F1768 /* CDVVibration.h */ = {isa = PBXFileReference; name = "CDVVibration.h"; path = "cordova-plugin-vibration/CDVVibration.h"; sourceTree = "<group>"; fileEncoding = 4; lastKnownFileType = sourcecode.c.h; explicitFileType = undefined; includeInIndex = 0; };
/* End PBXFileReference section */

/* Begin PBXFrameworksBuildPhase section */
		1D60588F0D05DD3D006BFB54 /* Frameworks */ = {
			isa = PBXFrameworksBuildPhase;
			buildActionMask = 2147483647;
			files = (
				301BF552109A68D80062928A /* libCordova.a in Frameworks */,
				C8384070A2204AFDB900DCD6 /* CoreBluetooth.framework in Frameworks */,
				70A62018020742ADBE3281D8 /* ImageIO.framework in Frameworks */,
				3815840E69E04A5AA529D5B0 /* CoreLocation.framework in Frameworks */,
				7E2AF6060E0F4179AE0E6A53 /* AVFoundation.framework in Frameworks */,
				A90872CD4BAF4242AB8E22E2 /* AddressBook.framework in Frameworks */,
				F204BB033F4A4CD0953FF81A /* AddressBookUI.framework in Frameworks */,
				ACA3939B36CF497B8A3B5A70 /* libz.tbd in Frameworks */,
				C2339EBA38AD4CF39E8B0F7B /* CoreMotion.framework in Frameworks */,
				AE23191C57ED46B5954A3E6C /* AudioToolbox.framework in Frameworks */,
				6D6A1FEF6DB543449451C400 /* SystemConfiguration.framework in Frameworks */,
				05A35C607D404278BCB95E61 /* CoreTelephony.framework in Frameworks */,
			);
			runOnlyForDeploymentPostprocessing = 0;
		};
/* End PBXFrameworksBuildPhase section */

/* Begin PBXGroup section */
		080E96DDFE201D6D7F000001 /* Classes */ = {
			isa = PBXGroup;
			children = (
				302D95EE14D2391D003F00A1 /* MainViewController.h */,
				302D95EF14D2391D003F00A1 /* MainViewController.m */,
				302D95F014D2391D003F00A1 /* MainViewController.xib */,
				1D3623240D0F684500981E51 /* AppDelegate.h */,
				1D3623250D0F684500981E51 /* AppDelegate.m */,
			);
			name = Classes;
			path = "beaconTest/Classes";
			sourceTree = SOURCE_ROOT;
		};
		19C28FACFE9D520D11CA2CBB /* Products */ = {
			isa = PBXGroup;
			children = (
				1D6058910D05DD3D006BFB54 /* beaconTest.app */,
			);
			name = Products;
			sourceTree = "<group>";
		};
		29B97314FDCFA39411CA2CEA /* CustomTemplate */ = {
			isa = PBXGroup;
			children = (
				EB87FDF41871DAF40020F90C /* config.xml */,
				EB87FDF31871DA8E0020F90C /* www */,
				EB87FDF11871DA420020F90C /* Staging */,
				301BF52D109A57CC0062928A /* CordovaLib.xcodeproj */,
				080E96DDFE201D6D7F000001 /* Classes */,
				307C750510C5A3420062BCA9 /* Plugins */,
				29B97315FDCFA39411CA2CEA /* Other Sources */,
				29B97317FDCFA39411CA2CEA /* Resources */,
				29B97323FDCFA39411CA2CEA /* Frameworks */,
				19C28FACFE9D520D11CA2CBB /* Products */,
			);
			name = CustomTemplate;
			sourceTree = "<group>";
		};
		29B97315FDCFA39411CA2CEA /* Other Sources */ = {
			isa = PBXGroup;
			children = (
				32CA4F630368D1EE00C91783 /* beaconTest-Prefix.pch */,
				29B97316FDCFA39411CA2CEA /* main.m */,
				ED33DF2A687741AEAF9F8254 /* Bridging-Header.h */,
			);
			name = "Other Sources";
			path = "beaconTest";
			sourceTree = "<group>";
		};
		29B97317FDCFA39411CA2CEA /* Resources */ = {
			isa = PBXGroup;
			children = (
				0207DA571B56EA530066E2B4 /* Images.xcassets */,
				3047A50E1AB8057F00498E2A /* config */,
				8D1107310486CEB800E47090 /* beaconTest-Info.plist */,
				6AFF5BF81D6E424B00AB3073 /* CDVLaunchScreen.storyboard */,
				12601D9E978F4449818A4582 /* CDVNotification.bundle */,
				9D2229C109634C309ED0662C /* CDVCapture.bundle */,
			);
			name = Resources;
			path = "beaconTest/Resources";
			sourceTree = "<group>";
		};
		29B97323FDCFA39411CA2CEA /* Frameworks */ = {
			isa = PBXGroup;
			children = (
				32BE488A2D704F0482E0623A /* CoreBluetooth.framework */,
				E1BC7C49B8134CFCBF73F307 /* ImageIO.framework */,
				BC5172D6A94A4B0FBD0FC2C9 /* CoreLocation.framework */,
				8EE282EB9E464A87AAB4E788 /* AVFoundation.framework */,
				FE743A453BCB4182AA6BE465 /* AddressBook.framework */,
				9F71853DC29C4D018EEC6AF8 /* AddressBookUI.framework */,
				1595A1F6B7B747B891CF75D3 /* libz.tbd */,
				73F1A8412D634DDFB6C2B684 /* CoreMotion.framework */,
				12835209BB8447EABDF68CE9 /* AudioToolbox.framework */,
				45B598B955D04A7EA647B4DC /* SystemConfiguration.framework */,
				DE9C856B86E04BA9ABC1AF9F /* CoreTelephony.framework */,
			);
			name = Frameworks;
			sourceTree = "<group>";
		};
		301BF52E109A57CC0062928A /* Products */ = {
			isa = PBXGroup;
			children = (
				301BF535109A57CC0062928A /* libCordova.a */,
			);
			name = Products;
			sourceTree = "<group>";
		};
		3047A50E1AB8057F00498E2A /* config */ = {
			isa = PBXGroup;
			children = (
				3047A50F1AB8059700498E2A /* build-debug.xcconfig */,
				3047A5101AB8059700498E2A /* build-release.xcconfig */,
				3047A5111AB8059700498E2A /* build.xcconfig */,
			);
			name = config;
			sourceTree = "<group>";
		};
		307C750510C5A3420062BCA9 /* Plugins */ = {
			isa = PBXGroup;
			children = (
				924372F08C7A4C1BA5BEDE97 /* CDVBattery.m */,
				38035BF2F8644898A06498D6 /* CDVBattery.h */,
				E5234A5423C84D0D999E178A /* EVOBLE.m */,
				92F699223D474F3B99BF69AF /* EVOBLE.h */,
				2FE39E726AE04D038F32AEF0 /* UIImage+CropScaleOrientation.m */,
				5AB661EE1A064AF0AAE050C6 /* CDVCamera.m */,
				C32AF54A5EE641F7836EAFD0 /* CDVJpegHeaderWriter.m */,
				B6D3DAF446CD4D69BA6AD116 /* UIImage+CropScaleOrientation.h */,
				15B91DA5A4C349F3A3DAA6B0 /* CDVCamera.h */,
				A39C8CC5EAA34E1ABF71728B /* CDVJpegHeaderWriter.h */,
				2C1BC189CFEA425EAE05FFA6 /* CDVExif.h */,
				2E2B37AEAF9D45ACA025DAF7 /* CDVLogger.m */,
				3E009D6767284A009265C56A /* CDVLogger.h */,
				C41FB807FAE34FA4A925F777 /* CDVContacts.m */,
				FBE0BEBC26F64B77AC1272F8 /* CDVContact.m */,
				EB7495DBE0A341809EB0C6E2 /* CDVContacts.h */,
				111763514DB44B6D9420A805 /* CDVContact.h */,
				27FB3559A8924A6BAA749B2A /* CDVDevice.m */,
				7741FDFF2DC54BC0B23C3B19 /* CDVDevice.h */,
				7DDC1B2D45B44222BA5BD749 /* CDVAccelerometer.m */,
				32F15D8617D24EF296DA4142 /* CDVAccelerometer.h */,
				C15BC0543E1D40A9AAC4BC64 /* CDVCompass.m */,
				ED1EA33C4AAB4DC5A4C6BDBD /* CDVCompass.h */,
				2EDF2B25B89944AE96EA9215 /* CDVNotification.m */,
				58BBFDFC6C874C25AB7A460E /* CDVNotification.h */,
				6952D833D0A9484CAB8AB4AF /* CDVFile.m */,
				C49BDC65E30F4081A3D778AD /* CDVLocalFilesystem.m */,
				216C24634A5D4504B0A174FA /* CDVAssetLibraryFilesystem.m */,
				CFA0F843134644D98E659566 /* CDVFile.h */,
				86FB1F63F99A46E4AEED72A3 /* CDVLocalFilesystem.h */,
				8FAC663E7CE6483D9F954F22 /* CDVAssetLibraryFilesystem.h */,
				E9964050AF87443B8F3BEDE6 /* CDVFileTransfer.m */,
				22AFD19DD3624F8B8AF11675 /* CDVFileTransfer.h */,
				2644D81D878640DAB84BF8CA /* CDVLocation.m */,
				49E568F5D0A246E1A385AD8A /* CDVLocation.h */,
				A73792531D5345AD8583F416 /* CDVGlobalization.m */,
				78CA5185F7D741C3BA436BAA /* CDVGlobalization.h */,
				96319A60FCF0472B82670989 /* CDVInAppBrowser.m */,
				D71747ABE28B4FCF8DD67185 /* CDVInAppBrowser.h */,
				A573703E1BF748989704D693 /* CDVSound.m */,
				0958BD75985A40B1A0052007 /* CDVSound.h */,
				911389D184A54636A40CE67E /* CDVCapture.m */,
				F68099B978764494AD40EBE0 /* CDVCapture.h */,
				D1D7E88B6C6947C5A8B51333 /* CDVConnection.m */,
				9BC0B11A7EC04485AD59175B /* CDVReachability.m */,
				15C4D7A1926B4E0EAC6D275F /* CDVConnection.h */,
				ADB541288F93472BBF62D52A /* CDVReachability.h */,
				BEA64FFF5EA04A27BD339A23 /* CDVSplashScreen.m */,
				2A9269BC81D94C63B6CA806B /* CDVViewController+SplashScreen.m */,
				35606211DD6E4167A24E466C /* CDVSplashScreen.h */,
				31054FA36EB24FA3938CB846 /* CDVViewController+SplashScreen.h */,
				72903F1256F74045A4E34F29 /* CDVStatusBar.m */,
				2C578B93C9254920A0E554B0 /* CDVStatusBar.h */,
				DA3EC3859CB84910A8D4D8A4 /* CDVVibration.m */,
				D1A06EC790094FB79F3F1768 /* CDVVibration.h */,
			);
			name = Plugins;
			path = "beaconTest/Plugins";
			sourceTree = SOURCE_ROOT;
		};
		EB87FDF11871DA420020F90C /* Staging */ = {
			isa = PBXGroup;
			children = (
				F840E1F0165FE0F500CFE078 /* config.xml */,
				301BF56E109A69640062928A /* www */,
			);
			name = Staging;
			sourceTree = "<group>";
		};
/* End PBXGroup section */

/* Begin PBXNativeTarget section */
		1D6058900D05DD3D006BFB54 /* beaconTest */ = {
			isa = PBXNativeTarget;
			buildConfigurationList = 1D6058960D05DD3E006BFB54 /* Build configuration list for PBXNativeTarget "beaconTest" */;
			buildPhases = (
				304B58A110DAC018002A0835 /* Copy www directory */,
				1D60588D0D05DD3D006BFB54 /* Resources */,
				1D60588E0D05DD3D006BFB54 /* Sources */,
				1D60588F0D05DD3D006BFB54 /* Frameworks */,
			);
			buildRules = (
			);
			dependencies = (
				301BF551109A68C00062928A /* PBXTargetDependency */,
			);
			name = "beaconTest";
			productName = "beaconTest";
			productReference = 1D6058910D05DD3D006BFB54 /* beaconTest.app */;
			productType = "com.apple.product-type.application";
		};
/* End PBXNativeTarget section */

/* Begin PBXProject section */
		29B97313FDCFA39411CA2CEA /* Project object */ = {
			isa = PBXProject;
			attributes = {
				LastUpgradeCheck = 510;
			};
			buildConfigurationList = C01FCF4E08A954540054247B /* Build configuration list for PBXProject "__NON-CLI__" */;
			compatibilityVersion = "Xcode 3.2";
			developmentRegion = English;
			hasScannedForEncodings = 1;
			mainGroup = 29B97314FDCFA39411CA2CEA /* CustomTemplate */;
			projectDirPath = "";
			projectReferences = (
				{
					ProductGroup = 301BF52E109A57CC0062928A /* Products */;
					ProjectRef = 301BF52D109A57CC0062928A /* CordovaLib.xcodeproj */;
				},
			);
			projectRoot = "";
			targets = (
				1D6058900D05DD3D006BFB54 /* beaconTest */,
			);
		};
/* End PBXProject section */

/* Begin PBXReferenceProxy section */
		301BF535109A57CC0062928A /* libCordova.a */ = {
			isa = PBXReferenceProxy;
			fileType = archive.ar;
			path = libCordova.a;
			remoteRef = 301BF534109A57CC0062928A /* PBXContainerItemProxy */;
			sourceTree = BUILT_PRODUCTS_DIR;
		};
/* End PBXReferenceProxy section */

/* Begin PBXResourcesBuildPhase section */
		1D60588D0D05DD3D006BFB54 /* Resources */ = {
			isa = PBXResourcesBuildPhase;
			buildActionMask = 2147483647;
			files = (
				302D95F214D2391D003F00A1 /* MainViewController.xib in Resources */,
				0207DA581B56EA530066E2B4 /* Images.xcassets in Resources */,
				6AFF5BF91D6E424B00AB3073 /* CDVLaunchScreen.storyboard in Resources */,
				4F5EE820336547D295342039 /* CDVNotification.bundle in Resources */,
				1E73ABFFC389463DBFF95771 /* CDVCapture.bundle in Resources */,
			);
			runOnlyForDeploymentPostprocessing = 0;
		};
/* End PBXResourcesBuildPhase section */

/* Begin PBXShellScriptBuildPhase section */
		304B58A110DAC018002A0835 /* Copy www directory */ = {
			isa = PBXShellScriptBuildPhase;
			buildActionMask = 2147483647;
			files = (
			);
			inputPaths = (
			);
			name = "Copy www directory";
			outputPaths = (
			);
			runOnlyForDeploymentPostprocessing = 0;
			shellPath = /bin/sh;
			shellScript = "NODEJS_PATH=/usr/local/bin; NVM_NODE_PATH=~/.nvm/versions/node/`nvm version 2>/dev/null`/bin; N_NODE_PATH=`find /usr/local/n/versions/node/* -maxdepth 0 -type d 2>/dev/null | tail -1`/bin; XCODE_NODE_PATH=`xcode-select --print-path`/usr/share/xcs/Node/bin; PATH=$NODEJS_PATH:$NVM_NODE_PATH:$N_NODE_PATH:$XCODE_NODE_PATH:$PATH && node cordova/lib/copy-www-build-step.js";
			showEnvVarsInLog = 0;
		};
/* End PBXShellScriptBuildPhase section */

/* Begin PBXSourcesBuildPhase section */
		1D60588E0D05DD3D006BFB54 /* Sources */ = {
			isa = PBXSourcesBuildPhase;
			buildActionMask = 2147483647;
			files = (
				1D60589B0D05DD56006BFB54 /* main.m in Sources */,
				1D3623260D0F684500981E51 /* AppDelegate.m in Sources */,
				302D95F114D2391D003F00A1 /* MainViewController.m in Sources */,
				7CBC1FA0E55944ED82AC149A /* CDVBattery.m in Sources */,
				4D6F85170B774303A30D6588 /* EVOBLE.m in Sources */,
				5ED8DE9F32874738A2E5D375 /* UIImage+CropScaleOrientation.m in Sources */,
				B9C742E5FCE04B29B8884106 /* CDVCamera.m in Sources */,
				4A22CA8EF5BD48E2BCA58FD2 /* CDVJpegHeaderWriter.m in Sources */,
				C41B8C1CFDF3427CB8B8ED5F /* CDVLogger.m in Sources */,
				754A23464FB843E9AA9F5201 /* CDVContacts.m in Sources */,
				262E5938810545B4987C3702 /* CDVContact.m in Sources */,
				2F120D556980456794ECBC3E /* CDVDevice.m in Sources */,
				764D0E319B514A4F9B0B957E /* CDVAccelerometer.m in Sources */,
				FA7CD1089B894E8A8AEF269E /* CDVCompass.m in Sources */,
				33E22C67163E49F59E78C6D4 /* CDVNotification.m in Sources */,
				D513F693AF73425EB7FE33A9 /* CDVFile.m in Sources */,
				974A9AEDF59645F582544A9C /* CDVLocalFilesystem.m in Sources */,
				ED6D3997D5564AD38A0524BF /* CDVAssetLibraryFilesystem.m in Sources */,
				1A76751178A84F1589081DBB /* CDVFileTransfer.m in Sources */,
				AA22B0DA1591437AAF2D24A2 /* CDVLocation.m in Sources */,
				58B024FBE8A1481B9C06095B /* CDVGlobalization.m in Sources */,
				01F935F48FEB422482337E95 /* CDVInAppBrowser.m in Sources */,
				D5CD397986D74C0EAEBFB06F /* CDVSound.m in Sources */,
				B48D2B90E26B4CB2BC6DD796 /* CDVCapture.m in Sources */,
				083C98964D5B47ACB352DDA9 /* CDVConnection.m in Sources */,
				9DD069919D404B5D9ACCFAB3 /* CDVReachability.m in Sources */,
				7B75B6A4AB1B46E280C9E8CC /* CDVSplashScreen.m in Sources */,
				5E9655950D4443D29B8929F2 /* CDVViewController+SplashScreen.m in Sources */,
				9E18263A319A42F9BE36FA2D /* CDVStatusBar.m in Sources */,
				68596C7AF5754C0F9B6F5EB3 /* CDVVibration.m in Sources */,
			);
			runOnlyForDeploymentPostprocessing = 0;
		};
/* End PBXSourcesBuildPhase section */

/* Begin PBXTargetDependency section */
		301BF551109A68C00062928A /* PBXTargetDependency */ = {
			isa = PBXTargetDependency;
			name = CordovaLib;
			targetProxy = 301BF550109A68C00062928A /* PBXContainerItemProxy */;
		};
/* End PBXTargetDependency section */

/* Begin XCBuildConfiguration section */
		1D6058940D05DD3E006BFB54 /* Debug */ = {
			isa = XCBuildConfiguration;
			baseConfigurationReference = 3047A50F1AB8059700498E2A /* build-debug.xcconfig */;
			buildSettings = {
				ALWAYS_SEARCH_USER_PATHS = NO;
				ASSETCATALOG_COMPILER_APPICON_NAME = AppIcon;
				ASSETCATALOG_COMPILER_LAUNCHIMAGE_NAME = LaunchImage;
				CLANG_ENABLE_MODULES = YES;
				CLANG_ENABLE_OBJC_ARC = YES;
				COPY_PHASE_STRIP = NO;
				GCC_DYNAMIC_NO_PIC = NO;
				GCC_OPTIMIZATION_LEVEL = 0;
				GCC_PRECOMPILE_PREFIX_HEADER = YES;
				GCC_PREFIX_HEADER = "beaconTest/beaconTest-Prefix.pch";
				GCC_THUMB_SUPPORT = NO;
				GCC_VERSION = "";
				INFOPLIST_FILE = "beaconTest/beaconTest-Info.plist";
				IPHONEOS_DEPLOYMENT_TARGET = 9.0;
				LD_RUNPATH_SEARCH_PATHS = "@executable_path/Frameworks";
				TARGETED_DEVICE_FAMILY = "1,2";
				PRODUCT_NAME = "beaconTest";
			};
			name = Debug;
		};
		1D6058950D05DD3E006BFB54 /* Release */ = {
			isa = XCBuildConfiguration;
			baseConfigurationReference = 3047A5101AB8059700498E2A /* build-release.xcconfig */;
			buildSettings = {
				ALWAYS_SEARCH_USER_PATHS = NO;
				ASSETCATALOG_COMPILER_APPICON_NAME = AppIcon;
				ASSETCATALOG_COMPILER_LAUNCHIMAGE_NAME = LaunchImage;
				CLANG_ENABLE_MODULES = YES;
				CLANG_ENABLE_OBJC_ARC = YES;
				COPY_PHASE_STRIP = YES;
				GCC_PRECOMPILE_PREFIX_HEADER = YES;
				GCC_PREFIX_HEADER = "beaconTest/beaconTest-Prefix.pch";
				GCC_THUMB_SUPPORT = NO;
				GCC_VERSION = "";
				INFOPLIST_FILE = "beaconTest/beaconTest-Info.plist";
				IPHONEOS_DEPLOYMENT_TARGET = 9.0;
				LD_RUNPATH_SEARCH_PATHS = "@executable_path/Frameworks";
				TARGETED_DEVICE_FAMILY = "1,2";
				PRODUCT_NAME = "beaconTest";
			};
			name = Release;
		};
		C01FCF4F08A954540054247B /* Debug */ = {
			isa = XCBuildConfiguration;
			baseConfigurationReference = 3047A5111AB8059700498E2A /* build.xcconfig */;
			buildSettings = {
				CLANG_ENABLE_MODULES = YES;
				CLANG_ENABLE_OBJC_ARC = YES;
				CLANG_WARN_BOOL_CONVERSION = YES;
				CLANG_WARN_CONSTANT_CONVERSION = YES;
				CLANG_WARN_EMPTY_BODY = YES;
				CLANG_WARN_ENUM_CONVERSION = YES;
				CLANG_WARN_INT_CONVERSION = YES;
				CLANG_WARN__DUPLICATE_METHOD_MATCH = YES;
				GCC_C_LANGUAGE_STANDARD = c99;
				GCC_THUMB_SUPPORT = NO;
				GCC_VERSION = "";
				GCC_WARN_ABOUT_RETURN_TYPE = YES;
				GCC_WARN_UNDECLARED_SELECTOR = YES;
				GCC_WARN_UNINITIALIZED_AUTOS = YES;
				GCC_WARN_UNUSED_FUNCTION = YES;
				GCC_WARN_UNUSED_VARIABLE = YES;
				ONLY_ACTIVE_ARCH = YES;
				SDKROOT = iphoneos;
				SKIP_INSTALL = NO;
				ASSETCATALOG_COMPILER_LAUNCHIMAGE_NAME = LaunchImage;
			};
			name = Debug;
		};
		C01FCF5008A954540054247B /* Release */ = {
			isa = XCBuildConfiguration;
			baseConfigurationReference = 3047A5111AB8059700498E2A /* build.xcconfig */;
			buildSettings = {
				CLANG_ENABLE_MODULES = YES;
				CLANG_ENABLE_OBJC_ARC = YES;
				CLANG_WARN_BOOL_CONVERSION = YES;
				CLANG_WARN_CONSTANT_CONVERSION = YES;
				CLANG_WARN_EMPTY_BODY = YES;
				CLANG_WARN_ENUM_CONVERSION = YES;
				CLANG_WARN_INT_CONVERSION = YES;
				CLANG_WARN__DUPLICATE_METHOD_MATCH = YES;
				GCC_C_LANGUAGE_STANDARD = c99;
				GCC_THUMB_SUPPORT = NO;
				GCC_VERSION = "";
				GCC_WARN_ABOUT_RETURN_TYPE = YES;
				GCC_WARN_UNDECLARED_SELECTOR = YES;
				GCC_WARN_UNINITIALIZED_AUTOS = YES;
				GCC_WARN_UNUSED_FUNCTION = YES;
				GCC_WARN_UNUSED_VARIABLE = YES;
				SDKROOT = iphoneos;
				SKIP_INSTALL = NO;
				ASSETCATALOG_COMPILER_LAUNCHIMAGE_NAME = LaunchImage;
			};
			name = Release;
		};
/* End XCBuildConfiguration section */

/* Begin XCConfigurationList section */
		1D6058960D05DD3E006BFB54 /* Build configuration list for PBXNativeTarget "beaconTest" */ = {
			isa = XCConfigurationList;
			buildConfigurations = (
				1D6058940D05DD3E006BFB54 /* Debug */,
				1D6058950D05DD3E006BFB54 /* Release */,
			);
			defaultConfigurationIsVisible = 0;
			defaultConfigurationName = Release;
		};
		C01FCF4E08A954540054247B /* Build configuration list for PBXProject "__NON-CLI__" */ = {
			isa = XCConfigurationList;
			buildConfigurations = (
				C01FCF4F08A954540054247B /* Debug */,
				C01FCF5008A954540054247B /* Release */,
			);
			defaultConfigurationIsVisible = 0;
			defaultConfigurationName = Release;
		};
/* End XCConfigurationList section */
	};
	rootObject = 29B97313FDCFA39411CA2CEA /* Project object */;
}
