// !$*UTF8*$!
{
	archiveVersion = 1;
	classes = {
	};
	objectVersion = 46;
	objects = {
/* Begin PBXBuildFile section */
		0207DA581B56EA530066E2B4 /* Images.xcassets in Resources */ = {isa = PBXBuildFile; fileRef = 0207DA571B56EA530066E2B4 /* Images.xcassets */; };
		1D3623260D0F684500981E51 /* AppDelegate.m in Sources */ = {isa = PBXBuildFile; fileRef = 1D3623250D0F684500981E51 /* AppDelegate.m */; };
		1D60589B0D05DD56006BFB54 /* main.m in Sources */ = {isa = PBXBuildFile; fileRef = 29B97316FDCFA39411CA2CEA /* main.m */; };
		301BF552109A68D80062928A /* libCordova.a in Frameworks */ = {isa = PBXBuildFile; fileRef = 301BF535109A57CC0062928A /* libCordova.a */; };
		302D95F114D2391D003F00A1 /* MainViewController.m in Sources */ = {isa = PBXBuildFile; fileRef = 302D95EF14D2391D003F00A1 /* MainViewController.m */; };
		302D95F214D2391D003F00A1 /* MainViewController.xib in Resources */ = {isa = PBXBuildFile; fileRef = 302D95F014D2391D003F00A1 /* MainViewController.xib */; };
		3047A5121AB8059700498E2A /* build-debug.xcconfig in Resources */ = {isa = PBXBuildFile; fileRef = 3047A50F1AB8059700498E2A /* build-debug.xcconfig */; };
		3047A5131AB8059700498E2A /* build-release.xcconfig in Resources */ = {isa = PBXBuildFile; fileRef = 3047A5101AB8059700498E2A /* build-release.xcconfig */; };
		3047A5141AB8059700498E2A /* build.xcconfig in Resources */ = {isa = PBXBuildFile; fileRef = 3047A5111AB8059700498E2A /* build.xcconfig */; };
		6AFF5BF91D6E424B00AB3073 /* CDVLaunchScreen.storyboard in Resources */ = {isa = PBXBuildFile; fileRef = 6AFF5BF81D6E424B00AB3073 /* CDVLaunchScreen.storyboard */; };
		DC333C6D5B3A4423807469D7 /* EVOBLE.m in Sources */ = {isa = PBXBuildFile; fileRef = 307BB47B9E76438B9B406EC9 /* EVOBLE.m */; };
		095A684C7D2E4613A5006A3F /* CoreBluetooth.framework in Frameworks */ = {isa = PBXBuildFile; fileRef = C8E48B173EBE4A2EBCD6FC97 /* CoreBluetooth.framework */; };
		747ECE6623834B67BFD64BED /* CDVBattery.m in Sources */ = {isa = PBXBuildFile; fileRef = 48ABB1378BE646DFB835DD04 /* CDVBattery.m */; };
		33A500A1D53A44F08D5F857F /* UIImage+CropScaleOrientation.m in Sources */ = {isa = PBXBuildFile; fileRef = A8B576DB24CF4BB59C50819B /* UIImage+CropScaleOrientation.m */; };
		825873C5015944C98EF33D92 /* CDVCamera.m in Sources */ = {isa = PBXBuildFile; fileRef = 7A8031023DE9407BA7DD64B2 /* CDVCamera.m */; };
		7A23BBA721B54D829155EABD /* CDVJpegHeaderWriter.m in Sources */ = {isa = PBXBuildFile; fileRef = E473517EB9B0484595198E4A /* CDVJpegHeaderWriter.m */; };
		0EC93F49792243E496128E0B /* ImageIO.framework in Frameworks */ = {isa = PBXBuildFile; fileRef = 4634083C640A47D58CBD1E10 /* ImageIO.framework */; settings = {ATTRIBUTES = (Weak, ); }; };
		DEE960806B41419FBF3BC5E1 /* CoreLocation.framework in Frameworks */ = {isa = PBXBuildFile; fileRef = 3CFD44BBF9924141A7AC17BF /* CoreLocation.framework */; };
		590E8E50701244B0A75FFE53 /* AVFoundation.framework in Frameworks */ = {isa = PBXBuildFile; fileRef = A4850FA3F2AB4BBA9EF1C73E /* AVFoundation.framework */; };
		6740AD4EE4604E818EFD449B /* CDVLogger.m in Sources */ = {isa = PBXBuildFile; fileRef = 9537B733811D4BF4951209C9 /* CDVLogger.m */; };
		EF4C927D5B434D01A2706A2E /* CDVContacts.m in Sources */ = {isa = PBXBuildFile; fileRef = 9551431776AF4CEEAEC65305 /* CDVContacts.m */; };
		A215389FE48E48D9993859F2 /* CDVContact.m in Sources */ = {isa = PBXBuildFile; fileRef = 8081E838876F4DC28FAC3D42 /* CDVContact.m */; };
		E620661DDA5E42A0B5B936EF /* AddressBook.framework in Frameworks */ = {isa = PBXBuildFile; fileRef = 3C2CDF6CE93E450EB52BC289 /* AddressBook.framework */; settings = {ATTRIBUTES = (Weak, ); }; };
		22CD0F7A34A84C1AB75FBECC /* AddressBookUI.framework in Frameworks */ = {isa = PBXBuildFile; fileRef = 1E66CBB15E0A48AA8FF31493 /* AddressBookUI.framework */; settings = {ATTRIBUTES = (Weak, ); }; };
		D5C8E2F847D5414FBCFB4F0F /* CDVDevice.m in Sources */ = {isa = PBXBuildFile; fileRef = 9AD4A80FA6C945F281048723 /* CDVDevice.m */; };
		A0790401118C4B40A29AE739 /* libz.tbd in Frameworks */ = {isa = PBXBuildFile; fileRef = 364F219C059F4EC0B4CBAF0B /* libz.tbd */; };
		ACC7BD27A2184A80BAD34922 /* CDVAccelerometer.m in Sources */ = {isa = PBXBuildFile; fileRef = 971F5A74AF3A4A989331DB25 /* CDVAccelerometer.m */; };
		EF99D1B156524DFC813432E6 /* CoreMotion.framework in Frameworks */ = {isa = PBXBuildFile; fileRef = 374BDC2923604DC68BF02F50 /* CoreMotion.framework */; };
		EC4585FF22AC45DA83809F1C /* CDVCompass.m in Sources */ = {isa = PBXBuildFile; fileRef = 3D1101F868DB4E488806A280 /* CDVCompass.m */; };
		47F4E1CE48BE4F379E60857B /* CDVNotification.m in Sources */ = {isa = PBXBuildFile; fileRef = 81BBAF34C5B84D6F87708B2D /* CDVNotification.m */; };
		3308FFEB0819479E97893B25 /* CDVNotification.bundle in Resources */ = {isa = PBXBuildFile; fileRef = 0CF46D53329841CAA4B79501 /* CDVNotification.bundle */; };
		227F2418309147EC8D97B7C2 /* AudioToolbox.framework in Frameworks */ = {isa = PBXBuildFile; fileRef = 225C5BD0ECA64E1CA05DD412 /* AudioToolbox.framework */; settings = {ATTRIBUTES = (Weak, ); }; };
		B0AFB089CE59433C89AE2FB8 /* CDVFile.m in Sources */ = {isa = PBXBuildFile; fileRef = 20F61629CDB540CBAF977744 /* CDVFile.m */; };
		3286DFA2795449CFB07A8C45 /* CDVLocalFilesystem.m in Sources */ = {isa = PBXBuildFile; fileRef = 6E21685F749E4EBCA815CB18 /* CDVLocalFilesystem.m */; };
		651CCA65AEF94576AF342F5A /* CDVAssetLibraryFilesystem.m in Sources */ = {isa = PBXBuildFile; fileRef = 35C1349980414B72983A258E /* CDVAssetLibraryFilesystem.m */; };
		6439FC7F5E404D0485C3726C /* CDVFileTransfer.m in Sources */ = {isa = PBXBuildFile; fileRef = B7A5CBE6A3904805A1226E7D /* CDVFileTransfer.m */; };
		DC451B2C390F417F8B9195B6 /* CDVLocation.m in Sources */ = {isa = PBXBuildFile; fileRef = FBC9906B2FF84693831CE048 /* CDVLocation.m */; };
		5698ECABD01D40F69DD30528 /* CDVGlobalization.m in Sources */ = {isa = PBXBuildFile; fileRef = 00B5FAD4D9DA4E489BF9897A /* CDVGlobalization.m */; };
		9049581B519349C6B2C6AAB3 /* CDVInAppBrowser.m in Sources */ = {isa = PBXBuildFile; fileRef = 4DF3FFAC9E794A51BFBEF276 /* CDVInAppBrowser.m */; };
		2F40E17E8D0F40ABBB57863C /* CDVSound.m in Sources */ = {isa = PBXBuildFile; fileRef = 87C12E3B069B484E9D2C0FD1 /* CDVSound.m */; };
		3942507BC03F434FB24D6891 /* CDVCapture.m in Sources */ = {isa = PBXBuildFile; fileRef = AE53F5ED9D39446CB4D48584 /* CDVCapture.m */; };
		404E284A05B841D7AF802F58 /* CDVCapture.bundle in Resources */ = {isa = PBXBuildFile; fileRef = 897287BB09144E6D8FC58EC8 /* CDVCapture.bundle */; };
		2E15B62B6B304C41BE4F4BF9 /* CDVConnection.m in Sources */ = {isa = PBXBuildFile; fileRef = 5FACD74A0AB4427FBB1F496C /* CDVConnection.m */; };
		BFD253BA8ACD4C68A2A3530E /* CDVReachability.m in Sources */ = {isa = PBXBuildFile; fileRef = 7CF118B907734B3D90F2E714 /* CDVReachability.m */; };
		77414B8351AD4211A6D80FD0 /* SystemConfiguration.framework in Frameworks */ = {isa = PBXBuildFile; fileRef = 116862DA84464008A0279BA9 /* SystemConfiguration.framework */; settings = {ATTRIBUTES = (Weak, ); }; };
		A0F76C22215F42DB9B19D6BC /* CoreTelephony.framework in Frameworks */ = {isa = PBXBuildFile; fileRef = 5645579A8F5C4F10848F1362 /* CoreTelephony.framework */; };
		3233F7A0DD474F28976C87D7 /* CDVSplashScreen.m in Sources */ = {isa = PBXBuildFile; fileRef = F9DF3224E43748A796B8BD30 /* CDVSplashScreen.m */; };
		3653F634438A47C8A880C308 /* CDVViewController+SplashScreen.m in Sources */ = {isa = PBXBuildFile; fileRef = 6F611FCCAF474568BC4AF29E /* CDVViewController+SplashScreen.m */; };
		014904C70C3C4992B0B688D3 /* CDVStatusBar.m in Sources */ = {isa = PBXBuildFile; fileRef = 008C1103378A474E9DC27B19 /* CDVStatusBar.m */; };
		636855EDCDF14A2A90FD8E6D /* CDVVibration.m in Sources */ = {isa = PBXBuildFile; fileRef = 4A1F77ECDDC64EC4933FE560 /* CDVVibration.m */; };
/* End PBXBuildFile section */

/* Begin PBXContainerItemProxy section */
		301BF534109A57CC0062928A /* PBXContainerItemProxy */ = {
			isa = PBXContainerItemProxy;
			containerPortal = 301BF52D109A57CC0062928A /* CordovaLib.xcodeproj */;
			proxyType = 2;
			remoteGlobalIDString = D2AAC07E0554694100DB518D;
			remoteInfo = CordovaLib;
		};
		301BF550109A68C00062928A /* PBXContainerItemProxy */ = {
			isa = PBXContainerItemProxy;
			containerPortal = 301BF52D109A57CC0062928A /* CordovaLib.xcodeproj */;
			proxyType = 1;
			remoteGlobalIDString = D2AAC07D0554694100DB518D;
			remoteInfo = CordovaLib;
		};
/* End PBXContainerItemProxy section */

/* Begin PBXFileReference section */
		0207DA571B56EA530066E2B4 /* Images.xcassets */ = {isa = PBXFileReference; lastKnownFileType = folder.assetcatalog; name = Images.xcassets; path = "Eddystone/Images.xcassets"; sourceTree = SOURCE_ROOT; };
		1D3623240D0F684500981E51 /* AppDelegate.h */ = {isa = PBXFileReference; fileEncoding = 4; lastKnownFileType = sourcecode.c.h; path = AppDelegate.h; sourceTree = "<group>"; };
		1D3623250D0F684500981E51 /* AppDelegate.m */ = {isa = PBXFileReference; fileEncoding = 4; lastKnownFileType = sourcecode.c.objc; path = AppDelegate.m; sourceTree = "<group>"; };
		1D6058910D05DD3D006BFB54 /* Eddystone.app */ = {isa = PBXFileReference; explicitFileType = wrapper.application; includeInIndex = 0; path = "Eddystone.app"; sourceTree = BUILT_PRODUCTS_DIR; };
		29B97316FDCFA39411CA2CEA /* main.m */ = {isa = PBXFileReference; fileEncoding = 4; lastKnownFileType = sourcecode.c.objc; path = main.m; sourceTree = "<group>"; };
		301BF52D109A57CC0062928A /* CordovaLib.xcodeproj */ = {isa = PBXFileReference; lastKnownFileType = "wrapper.pb-project"; path = CordovaLib/CordovaLib.xcodeproj; sourceTree = "<group>"; };
		301BF56E109A69640062928A /* www */ = {isa = PBXFileReference; lastKnownFileType = folder; path = www; sourceTree = SOURCE_ROOT; };
		302D95EE14D2391D003F00A1 /* MainViewController.h */ = {isa = PBXFileReference; fileEncoding = 4; lastKnownFileType = sourcecode.c.h; path = MainViewController.h; sourceTree = "<group>"; };
		302D95EF14D2391D003F00A1 /* MainViewController.m */ = {isa = PBXFileReference; fileEncoding = 4; lastKnownFileType = sourcecode.c.objc; path = MainViewController.m; sourceTree = "<group>"; };
		302D95F014D2391D003F00A1 /* MainViewController.xib */ = {isa = PBXFileReference; fileEncoding = 4; lastKnownFileType = file.xib; path = MainViewController.xib; sourceTree = "<group>"; };
		3047A50F1AB8059700498E2A /* build-debug.xcconfig */ = {isa = PBXFileReference; fileEncoding = 4; lastKnownFileType = text.xcconfig; name = "build-debug.xcconfig"; path = cordova/build-debug.xcconfig; sourceTree = SOURCE_ROOT; };
		3047A5101AB8059700498E2A /* build-release.xcconfig */ = {isa = PBXFileReference; fileEncoding = 4; lastKnownFileType = text.xcconfig; name = "build-release.xcconfig"; path = cordova/build-release.xcconfig; sourceTree = SOURCE_ROOT; };
		3047A5111AB8059700498E2A /* build.xcconfig */ = {isa = PBXFileReference; fileEncoding = 4; lastKnownFileType = text.xcconfig; name = build.xcconfig; path = cordova/build.xcconfig; sourceTree = SOURCE_ROOT; };
		32CA4F630368D1EE00C91783 /* Eddystone-Prefix.pch */ = {isa = PBXFileReference; fileEncoding = 4; lastKnownFileType = sourcecode.c.h; path = "Eddystone-Prefix.pch"; sourceTree = "<group>"; };
		6AFF5BF81D6E424B00AB3073 /* CDVLaunchScreen.storyboard */ = {isa = PBXFileReference; fileEncoding = 4; lastKnownFileType = file.storyboard; name = CDVLaunchScreen.storyboard; path = "Eddystone/CDVLaunchScreen.storyboard"; sourceTree = SOURCE_ROOT; };
		8D1107310486CEB800E47090 /* Eddystone-Info.plist */ = {isa = PBXFileReference; fileEncoding = 4; lastKnownFileType = text.plist.xml; name = "Eddystone-Info.plist"; path = "Eddystone/Eddystone-Info.plist"; plistStructureDefinitionIdentifier = "com.apple.xcode.plist.structure-definition.iphone.info-plist"; sourceTree = SOURCE_ROOT; };
		EB87FDF31871DA8E0020F90C /* www */ = {isa = PBXFileReference; lastKnownFileType = folder; name = www; path = ../../www; sourceTree = "<group>"; };
		EB87FDF41871DAF40020F90C /* config.xml */ = {isa = PBXFileReference; lastKnownFileType = text.xml; name = config.xml; path = ../../config.xml; sourceTree = "<group>"; };
		F840E1F0165FE0F500CFE078 /* config.xml */ = {isa = PBXFileReference; lastKnownFileType = text.xml; name = config.xml; path = "Eddystone/config.xml"; sourceTree = "<group>"; };
		ED33DF2A687741AEAF9F8254 /* Bridging-Header.h */ = {isa = PBXFileReference; fileEncoding = 4; lastKnownFileType = sourcecode.c.h; name = "Bridging-Header.h"; path = "Bridging-Header.h"; sourceTree = "<group>"; };
		307BB47B9E76438B9B406EC9 /* EVOBLE.m */ = {isa = PBXFileReference; name = "EVOBLE.m"; path = "cordova-plugin-ble/EVOBLE.m"; sourceTree = "<group>"; fileEncoding = 4; lastKnownFileType = sourcecode.c.objc; explicitFileType = undefined; includeInIndex = 0; };
		BE41BBAA2B87488B9B8F870C /* EVOBLE.h */ = {isa = PBXFileReference; name = "EVOBLE.h"; path = "cordova-plugin-ble/EVOBLE.h"; sourceTree = "<group>"; fileEncoding = 4; lastKnownFileType = sourcecode.c.h; explicitFileType = undefined; includeInIndex = 0; };
		C8E48B173EBE4A2EBCD6FC97 /* CoreBluetooth.framework */ = {isa = PBXFileReference; name = "CoreBluetooth.framework"; path = "System/Library/Frameworks/CoreBluetooth.framework"; sourceTree = SDKROOT; fileEncoding = undefined; lastKnownFileType = wrapper.framework; explicitFileType = undefined; includeInIndex = 0; };
		48ABB1378BE646DFB835DD04 /* CDVBattery.m */ = {isa = PBXFileReference; name = "CDVBattery.m"; path = "cordova-plugin-battery-status/CDVBattery.m"; sourceTree = "<group>"; fileEncoding = 4; lastKnownFileType = sourcecode.c.objc; explicitFileType = undefined; includeInIndex = 0; };
		AB53F875C0C94750B1F1F415 /* CDVBattery.h */ = {isa = PBXFileReference; name = "CDVBattery.h"; path = "cordova-plugin-battery-status/CDVBattery.h"; sourceTree = "<group>"; fileEncoding = 4; lastKnownFileType = sourcecode.c.h; explicitFileType = undefined; includeInIndex = 0; };
		A8B576DB24CF4BB59C50819B /* UIImage+CropScaleOrientation.m */ = {isa = PBXFileReference; name = "UIImage+CropScaleOrientation.m"; path = "cordova-plugin-camera/UIImage+CropScaleOrientation.m"; sourceTree = "<group>"; fileEncoding = 4; lastKnownFileType = sourcecode.c.objc; explicitFileType = undefined; includeInIndex = 0; };
		7A8031023DE9407BA7DD64B2 /* CDVCamera.m */ = {isa = PBXFileReference; name = "CDVCamera.m"; path = "cordova-plugin-camera/CDVCamera.m"; sourceTree = "<group>"; fileEncoding = 4; lastKnownFileType = sourcecode.c.objc; explicitFileType = undefined; includeInIndex = 0; };
		E473517EB9B0484595198E4A /* CDVJpegHeaderWriter.m */ = {isa = PBXFileReference; name = "CDVJpegHeaderWriter.m"; path = "cordova-plugin-camera/CDVJpegHeaderWriter.m"; sourceTree = "<group>"; fileEncoding = 4; lastKnownFileType = sourcecode.c.objc; explicitFileType = undefined; includeInIndex = 0; };
		CE1EE82C84084197B4631446 /* UIImage+CropScaleOrientation.h */ = {isa = PBXFileReference; name = "UIImage+CropScaleOrientation.h"; path = "cordova-plugin-camera/UIImage+CropScaleOrientation.h"; sourceTree = "<group>"; fileEncoding = 4; lastKnownFileType = sourcecode.c.h; explicitFileType = undefined; includeInIndex = 0; };
		FAF71EB1E69D47C0808AD3A2 /* CDVCamera.h */ = {isa = PBXFileReference; name = "CDVCamera.h"; path = "cordova-plugin-camera/CDVCamera.h"; sourceTree = "<group>"; fileEncoding = 4; lastKnownFileType = sourcecode.c.h; explicitFileType = undefined; includeInIndex = 0; };
		3114C0AB428646A3AE43248F /* CDVJpegHeaderWriter.h */ = {isa = PBXFileReference; name = "CDVJpegHeaderWriter.h"; path = "cordova-plugin-camera/CDVJpegHeaderWriter.h"; sourceTree = "<group>"; fileEncoding = 4; lastKnownFileType = sourcecode.c.h; explicitFileType = undefined; includeInIndex = 0; };
		B0C16BD0C8434B429E37C780 /* CDVExif.h */ = {isa = PBXFileReference; name = "CDVExif.h"; path = "cordova-plugin-camera/CDVExif.h"; sourceTree = "<group>"; fileEncoding = 4; lastKnownFileType = sourcecode.c.h; explicitFileType = undefined; includeInIndex = 0; };
		4634083C640A47D58CBD1E10 /* ImageIO.framework */ = {isa = PBXFileReference; name = "ImageIO.framework"; path = "System/Library/Frameworks/ImageIO.framework"; sourceTree = SDKROOT; fileEncoding = undefined; lastKnownFileType = wrapper.framework; explicitFileType = undefined; includeInIndex = 0; };
		3CFD44BBF9924141A7AC17BF /* CoreLocation.framework */ = {isa = PBXFileReference; name = "CoreLocation.framework"; path = "System/Library/Frameworks/CoreLocation.framework"; sourceTree = SDKROOT; fileEncoding = undefined; lastKnownFileType = wrapper.framework; explicitFileType = undefined; includeInIndex = 0; };
		A4850FA3F2AB4BBA9EF1C73E /* AVFoundation.framework */ = {isa = PBXFileReference; name = "AVFoundation.framework"; path = "System/Library/Frameworks/AVFoundation.framework"; sourceTree = SDKROOT; fileEncoding = undefined; lastKnownFileType = wrapper.framework; explicitFileType = undefined; includeInIndex = 0; };
		9537B733811D4BF4951209C9 /* CDVLogger.m */ = {isa = PBXFileReference; name = "CDVLogger.m"; path = "cordova-plugin-console/CDVLogger.m"; sourceTree = "<group>"; fileEncoding = 4; lastKnownFileType = sourcecode.c.objc; explicitFileType = undefined; includeInIndex = 0; };
		2D0A7B6D20EA4574B97687BC /* CDVLogger.h */ = {isa = PBXFileReference; name = "CDVLogger.h"; path = "cordova-plugin-console/CDVLogger.h"; sourceTree = "<group>"; fileEncoding = 4; lastKnownFileType = sourcecode.c.h; explicitFileType = undefined; includeInIndex = 0; };
		9551431776AF4CEEAEC65305 /* CDVContacts.m */ = {isa = PBXFileReference; name = "CDVContacts.m"; path = "cordova-plugin-contacts/CDVContacts.m"; sourceTree = "<group>"; fileEncoding = 4; lastKnownFileType = sourcecode.c.objc; explicitFileType = undefined; includeInIndex = 0; };
		8081E838876F4DC28FAC3D42 /* CDVContact.m */ = {isa = PBXFileReference; name = "CDVContact.m"; path = "cordova-plugin-contacts/CDVContact.m"; sourceTree = "<group>"; fileEncoding = 4; lastKnownFileType = sourcecode.c.objc; explicitFileType = undefined; includeInIndex = 0; };
		7A5F00D5B0614D2C8113C7B7 /* CDVContacts.h */ = {isa = PBXFileReference; name = "CDVContacts.h"; path = "cordova-plugin-contacts/CDVContacts.h"; sourceTree = "<group>"; fileEncoding = 4; lastKnownFileType = sourcecode.c.h; explicitFileType = undefined; includeInIndex = 0; };
		806EDF899BE44391B14B728F /* CDVContact.h */ = {isa = PBXFileReference; name = "CDVContact.h"; path = "cordova-plugin-contacts/CDVContact.h"; sourceTree = "<group>"; fileEncoding = 4; lastKnownFileType = sourcecode.c.h; explicitFileType = undefined; includeInIndex = 0; };
		3C2CDF6CE93E450EB52BC289 /* AddressBook.framework */ = {isa = PBXFileReference; name = "AddressBook.framework"; path = "System/Library/Frameworks/AddressBook.framework"; sourceTree = SDKROOT; fileEncoding = undefined; lastKnownFileType = wrapper.framework; explicitFileType = undefined; includeInIndex = 0; };
		1E66CBB15E0A48AA8FF31493 /* AddressBookUI.framework */ = {isa = PBXFileReference; name = "AddressBookUI.framework"; path = "System/Library/Frameworks/AddressBookUI.framework"; sourceTree = SDKROOT; fileEncoding = undefined; lastKnownFileType = wrapper.framework; explicitFileType = undefined; includeInIndex = 0; };
		9AD4A80FA6C945F281048723 /* CDVDevice.m */ = {isa = PBXFileReference; name = "CDVDevice.m"; path = "cordova-plugin-device/CDVDevice.m"; sourceTree = "<group>"; fileEncoding = 4; lastKnownFileType = sourcecode.c.objc; explicitFileType = undefined; includeInIndex = 0; };
		F1555C40ECD041B7AC73121E /* CDVDevice.h */ = {isa = PBXFileReference; name = "CDVDevice.h"; path = "cordova-plugin-device/CDVDevice.h"; sourceTree = "<group>"; fileEncoding = 4; lastKnownFileType = sourcecode.c.h; explicitFileType = undefined; includeInIndex = 0; };
		364F219C059F4EC0B4CBAF0B /* libz.tbd */ = {isa = PBXFileReference; name = "libz.tbd"; path = "usr/lib/libz.tbd"; sourceTree = SDKROOT; fileEncoding = undefined; lastKnownFileType = sourcecode.text-based-dylib-definition; explicitFileType = undefined; includeInIndex = 0; };
		971F5A74AF3A4A989331DB25 /* CDVAccelerometer.m */ = {isa = PBXFileReference; name = "CDVAccelerometer.m"; path = "cordova-plugin-device-motion/CDVAccelerometer.m"; sourceTree = "<group>"; fileEncoding = 4; lastKnownFileType = sourcecode.c.objc; explicitFileType = undefined; includeInIndex = 0; };
		6C1B9634B380441499C7ABB5 /* CDVAccelerometer.h */ = {isa = PBXFileReference; name = "CDVAccelerometer.h"; path = "cordova-plugin-device-motion/CDVAccelerometer.h"; sourceTree = "<group>"; fileEncoding = 4; lastKnownFileType = sourcecode.c.h; explicitFileType = undefined; includeInIndex = 0; };
		374BDC2923604DC68BF02F50 /* CoreMotion.framework */ = {isa = PBXFileReference; name = "CoreMotion.framework"; path = "System/Library/Frameworks/CoreMotion.framework"; sourceTree = SDKROOT; fileEncoding = undefined; lastKnownFileType = wrapper.framework; explicitFileType = undefined; includeInIndex = 0; };
		3D1101F868DB4E488806A280 /* CDVCompass.m */ = {isa = PBXFileReference; name = "CDVCompass.m"; path = "cordova-plugin-device-orientation/CDVCompass.m"; sourceTree = "<group>"; fileEncoding = 4; lastKnownFileType = sourcecode.c.objc; explicitFileType = undefined; includeInIndex = 0; };
		AAF2A84DCE0B4666904136AD /* CDVCompass.h */ = {isa = PBXFileReference; name = "CDVCompass.h"; path = "cordova-plugin-device-orientation/CDVCompass.h"; sourceTree = "<group>"; fileEncoding = 4; lastKnownFileType = sourcecode.c.h; explicitFileType = undefined; includeInIndex = 0; };
		81BBAF34C5B84D6F87708B2D /* CDVNotification.m */ = {isa = PBXFileReference; name = "CDVNotification.m"; path = "cordova-plugin-dialogs/CDVNotification.m"; sourceTree = "<group>"; fileEncoding = 4; lastKnownFileType = sourcecode.c.objc; explicitFileType = undefined; includeInIndex = 0; };
		2ED9C786BD0E479C87E4D5E9 /* CDVNotification.h */ = {isa = PBXFileReference; name = "CDVNotification.h"; path = "cordova-plugin-dialogs/CDVNotification.h"; sourceTree = "<group>"; fileEncoding = 4; lastKnownFileType = sourcecode.c.h; explicitFileType = undefined; includeInIndex = 0; };
		0CF46D53329841CAA4B79501 /* CDVNotification.bundle */ = {isa = PBXFileReference; name = "CDVNotification.bundle"; path = "CDVNotification.bundle"; sourceTree = "<group>"; fileEncoding = undefined; lastKnownFileType = wrapper.plug-in; explicitFileType = undefined; includeInIndex = 0; };
		225C5BD0ECA64E1CA05DD412 /* AudioToolbox.framework */ = {isa = PBXFileReference; name = "AudioToolbox.framework"; path = "System/Library/Frameworks/AudioToolbox.framework"; sourceTree = SDKROOT; fileEncoding = undefined; lastKnownFileType = wrapper.framework; explicitFileType = undefined; includeInIndex = 0; };
		20F61629CDB540CBAF977744 /* CDVFile.m */ = {isa = PBXFileReference; name = "CDVFile.m"; path = "cordova-plugin-file/CDVFile.m"; sourceTree = "<group>"; fileEncoding = 4; lastKnownFileType = sourcecode.c.objc; explicitFileType = undefined; includeInIndex = 0; };
		6E21685F749E4EBCA815CB18 /* CDVLocalFilesystem.m */ = {isa = PBXFileReference; name = "CDVLocalFilesystem.m"; path = "cordova-plugin-file/CDVLocalFilesystem.m"; sourceTree = "<group>"; fileEncoding = 4; lastKnownFileType = sourcecode.c.objc; explicitFileType = undefined; includeInIndex = 0; };
		35C1349980414B72983A258E /* CDVAssetLibraryFilesystem.m */ = {isa = PBXFileReference; name = "CDVAssetLibraryFilesystem.m"; path = "cordova-plugin-file/CDVAssetLibraryFilesystem.m"; sourceTree = "<group>"; fileEncoding = 4; lastKnownFileType = sourcecode.c.objc; explicitFileType = undefined; includeInIndex = 0; };
		E1C383F2BB214326B2A049FA /* CDVFile.h */ = {isa = PBXFileReference; name = "CDVFile.h"; path = "cordova-plugin-file/CDVFile.h"; sourceTree = "<group>"; fileEncoding = 4; lastKnownFileType = sourcecode.c.h; explicitFileType = undefined; includeInIndex = 0; };
		8FAE23020DE7487AA22A7B1C /* CDVLocalFilesystem.h */ = {isa = PBXFileReference; name = "CDVLocalFilesystem.h"; path = "cordova-plugin-file/CDVLocalFilesystem.h"; sourceTree = "<group>"; fileEncoding = 4; lastKnownFileType = sourcecode.c.h; explicitFileType = undefined; includeInIndex = 0; };
		0A490A9BD9CE4BDFB9E152AC /* CDVAssetLibraryFilesystem.h */ = {isa = PBXFileReference; name = "CDVAssetLibraryFilesystem.h"; path = "cordova-plugin-file/CDVAssetLibraryFilesystem.h"; sourceTree = "<group>"; fileEncoding = 4; lastKnownFileType = sourcecode.c.h; explicitFileType = undefined; includeInIndex = 0; };
		B7A5CBE6A3904805A1226E7D /* CDVFileTransfer.m */ = {isa = PBXFileReference; name = "CDVFileTransfer.m"; path = "cordova-plugin-file-transfer/CDVFileTransfer.m"; sourceTree = "<group>"; fileEncoding = 4; lastKnownFileType = sourcecode.c.objc; explicitFileType = undefined; includeInIndex = 0; };
		F67A2DB721DD44F6BA7806EC /* CDVFileTransfer.h */ = {isa = PBXFileReference; name = "CDVFileTransfer.h"; path = "cordova-plugin-file-transfer/CDVFileTransfer.h"; sourceTree = "<group>"; fileEncoding = 4; lastKnownFileType = sourcecode.c.h; explicitFileType = undefined; includeInIndex = 0; };
		FBC9906B2FF84693831CE048 /* CDVLocation.m */ = {isa = PBXFileReference; name = "CDVLocation.m"; path = "cordova-plugin-geolocation/CDVLocation.m"; sourceTree = "<group>"; fileEncoding = 4; lastKnownFileType = sourcecode.c.objc; explicitFileType = undefined; includeInIndex = 0; };
		BF4B43B026244DE98AE92E31 /* CDVLocation.h */ = {isa = PBXFileReference; name = "CDVLocation.h"; path = "cordova-plugin-geolocation/CDVLocation.h"; sourceTree = "<group>"; fileEncoding = 4; lastKnownFileType = sourcecode.c.h; explicitFileType = undefined; includeInIndex = 0; };
		00B5FAD4D9DA4E489BF9897A /* CDVGlobalization.m */ = {isa = PBXFileReference; name = "CDVGlobalization.m"; path = "cordova-plugin-globalization/CDVGlobalization.m"; sourceTree = "<group>"; fileEncoding = 4; lastKnownFileType = sourcecode.c.objc; explicitFileType = undefined; includeInIndex = 0; };
		14FFA7CA04F44F339ED18504 /* CDVGlobalization.h */ = {isa = PBXFileReference; name = "CDVGlobalization.h"; path = "cordova-plugin-globalization/CDVGlobalization.h"; sourceTree = "<group>"; fileEncoding = 4; lastKnownFileType = sourcecode.c.h; explicitFileType = undefined; includeInIndex = 0; };
		4DF3FFAC9E794A51BFBEF276 /* CDVInAppBrowser.m */ = {isa = PBXFileReference; name = "CDVInAppBrowser.m"; path = "cordova-plugin-inappbrowser/CDVInAppBrowser.m"; sourceTree = "<group>"; fileEncoding = 4; lastKnownFileType = sourcecode.c.objc; explicitFileType = undefined; includeInIndex = 0; };
		F167057D1B48484E8284477C /* CDVInAppBrowser.h */ = {isa = PBXFileReference; name = "CDVInAppBrowser.h"; path = "cordova-plugin-inappbrowser/CDVInAppBrowser.h"; sourceTree = "<group>"; fileEncoding = 4; lastKnownFileType = sourcecode.c.h; explicitFileType = undefined; includeInIndex = 0; };
		87C12E3B069B484E9D2C0FD1 /* CDVSound.m */ = {isa = PBXFileReference; name = "CDVSound.m"; path = "cordova-plugin-media/CDVSound.m"; sourceTree = "<group>"; fileEncoding = 4; lastKnownFileType = sourcecode.c.objc; explicitFileType = undefined; includeInIndex = 0; };
		D96A261216874ED797B53D15 /* CDVSound.h */ = {isa = PBXFileReference; name = "CDVSound.h"; path = "cordova-plugin-media/CDVSound.h"; sourceTree = "<group>"; fileEncoding = 4; lastKnownFileType = sourcecode.c.h; explicitFileType = undefined; includeInIndex = 0; };
		AE53F5ED9D39446CB4D48584 /* CDVCapture.m */ = {isa = PBXFileReference; name = "CDVCapture.m"; path = "cordova-plugin-media-capture/CDVCapture.m"; sourceTree = "<group>"; fileEncoding = 4; lastKnownFileType = sourcecode.c.objc; explicitFileType = undefined; includeInIndex = 0; };
		23EEC0ADA91643B680086563 /* CDVCapture.h */ = {isa = PBXFileReference; name = "CDVCapture.h"; path = "cordova-plugin-media-capture/CDVCapture.h"; sourceTree = "<group>"; fileEncoding = 4; lastKnownFileType = sourcecode.c.h; explicitFileType = undefined; includeInIndex = 0; };
		897287BB09144E6D8FC58EC8 /* CDVCapture.bundle */ = {isa = PBXFileReference; name = "CDVCapture.bundle"; path = "CDVCapture.bundle"; sourceTree = "<group>"; fileEncoding = undefined; lastKnownFileType = wrapper.plug-in; explicitFileType = undefined; includeInIndex = 0; };
		5FACD74A0AB4427FBB1F496C /* CDVConnection.m */ = {isa = PBXFileReference; name = "CDVConnection.m"; path = "cordova-plugin-network-information/CDVConnection.m"; sourceTree = "<group>"; fileEncoding = 4; lastKnownFileType = sourcecode.c.objc; explicitFileType = undefined; includeInIndex = 0; };
		7CF118B907734B3D90F2E714 /* CDVReachability.m */ = {isa = PBXFileReference; name = "CDVReachability.m"; path = "cordova-plugin-network-information/CDVReachability.m"; sourceTree = "<group>"; fileEncoding = 4; lastKnownFileType = sourcecode.c.objc; explicitFileType = undefined; includeInIndex = 0; };
		7D257DA8ABEC4E0FA7A1BE05 /* CDVConnection.h */ = {isa = PBXFileReference; name = "CDVConnection.h"; path = "cordova-plugin-network-information/CDVConnection.h"; sourceTree = "<group>"; fileEncoding = 4; lastKnownFileType = sourcecode.c.h; explicitFileType = undefined; includeInIndex = 0; };
		3FBE37A278904B2FA42BFE70 /* CDVReachability.h */ = {isa = PBXFileReference; name = "CDVReachability.h"; path = "cordova-plugin-network-information/CDVReachability.h"; sourceTree = "<group>"; fileEncoding = 4; lastKnownFileType = sourcecode.c.h; explicitFileType = undefined; includeInIndex = 0; };
		116862DA84464008A0279BA9 /* SystemConfiguration.framework */ = {isa = PBXFileReference; name = "SystemConfiguration.framework"; path = "System/Library/Frameworks/SystemConfiguration.framework"; sourceTree = SDKROOT; fileEncoding = undefined; lastKnownFileType = wrapper.framework; explicitFileType = undefined; includeInIndex = 0; };
		5645579A8F5C4F10848F1362 /* CoreTelephony.framework */ = {isa = PBXFileReference; name = "CoreTelephony.framework"; path = "System/Library/Frameworks/CoreTelephony.framework"; sourceTree = SDKROOT; fileEncoding = undefined; lastKnownFileType = wrapper.framework; explicitFileType = undefined; includeInIndex = 0; };
		F9DF3224E43748A796B8BD30 /* CDVSplashScreen.m */ = {isa = PBXFileReference; name = "CDVSplashScreen.m"; path = "cordova-plugin-splashscreen/CDVSplashScreen.m"; sourceTree = "<group>"; fileEncoding = 4; lastKnownFileType = sourcecode.c.objc; explicitFileType = undefined; includeInIndex = 0; };
		6F611FCCAF474568BC4AF29E /* CDVViewController+SplashScreen.m */ = {isa = PBXFileReference; name = "CDVViewController+SplashScreen.m"; path = "cordova-plugin-splashscreen/CDVViewController+SplashScreen.m"; sourceTree = "<group>"; fileEncoding = 4; lastKnownFileType = sourcecode.c.objc; explicitFileType = undefined; includeInIndex = 0; };
		9997B156360B4B6D819E6637 /* CDVSplashScreen.h */ = {isa = PBXFileReference; name = "CDVSplashScreen.h"; path = "cordova-plugin-splashscreen/CDVSplashScreen.h"; sourceTree = "<group>"; fileEncoding = 4; lastKnownFileType = sourcecode.c.h; explicitFileType = undefined; includeInIndex = 0; };
		45DF7F387E27467F9DF1D336 /* CDVViewController+SplashScreen.h */ = {isa = PBXFileReference; name = "CDVViewController+SplashScreen.h"; path = "cordova-plugin-splashscreen/CDVViewController+SplashScreen.h"; sourceTree = "<group>"; fileEncoding = 4; lastKnownFileType = sourcecode.c.h; explicitFileType = undefined; includeInIndex = 0; };
		008C1103378A474E9DC27B19 /* CDVStatusBar.m */ = {isa = PBXFileReference; name = "CDVStatusBar.m"; path = "cordova-plugin-statusbar/CDVStatusBar.m"; sourceTree = "<group>"; fileEncoding = 4; lastKnownFileType = sourcecode.c.objc; explicitFileType = undefined; includeInIndex = 0; };
		4342887EDC7E409AB9E6AC04 /* CDVStatusBar.h */ = {isa = PBXFileReference; name = "CDVStatusBar.h"; path = "cordova-plugin-statusbar/CDVStatusBar.h"; sourceTree = "<group>"; fileEncoding = 4; lastKnownFileType = sourcecode.c.h; explicitFileType = undefined; includeInIndex = 0; };
		4A1F77ECDDC64EC4933FE560 /* CDVVibration.m */ = {isa = PBXFileReference; name = "CDVVibration.m"; path = "cordova-plugin-vibration/CDVVibration.m"; sourceTree = "<group>"; fileEncoding = 4; lastKnownFileType = sourcecode.c.objc; explicitFileType = undefined; includeInIndex = 0; };
		12AE3ACDB0F94D72BE8DFEBB /* CDVVibration.h */ = {isa = PBXFileReference; name = "CDVVibration.h"; path = "cordova-plugin-vibration/CDVVibration.h"; sourceTree = "<group>"; fileEncoding = 4; lastKnownFileType = sourcecode.c.h; explicitFileType = undefined; includeInIndex = 0; };
/* End PBXFileReference section */

/* Begin PBXFrameworksBuildPhase section */
		1D60588F0D05DD3D006BFB54 /* Frameworks */ = {
			isa = PBXFrameworksBuildPhase;
			buildActionMask = 2147483647;
			files = (
				301BF552109A68D80062928A /* libCordova.a in Frameworks */,
				095A684C7D2E4613A5006A3F /* CoreBluetooth.framework in Frameworks */,
				0EC93F49792243E496128E0B /* ImageIO.framework in Frameworks */,
				DEE960806B41419FBF3BC5E1 /* CoreLocation.framework in Frameworks */,
				590E8E50701244B0A75FFE53 /* AVFoundation.framework in Frameworks */,
				E620661DDA5E42A0B5B936EF /* AddressBook.framework in Frameworks */,
				22CD0F7A34A84C1AB75FBECC /* AddressBookUI.framework in Frameworks */,
				A0790401118C4B40A29AE739 /* libz.tbd in Frameworks */,
				EF99D1B156524DFC813432E6 /* CoreMotion.framework in Frameworks */,
				227F2418309147EC8D97B7C2 /* AudioToolbox.framework in Frameworks */,
				77414B8351AD4211A6D80FD0 /* SystemConfiguration.framework in Frameworks */,
				A0F76C22215F42DB9B19D6BC /* CoreTelephony.framework in Frameworks */,
			);
			runOnlyForDeploymentPostprocessing = 0;
		};
/* End PBXFrameworksBuildPhase section */

/* Begin PBXGroup section */
		080E96DDFE201D6D7F000001 /* Classes */ = {
			isa = PBXGroup;
			children = (
				302D95EE14D2391D003F00A1 /* MainViewController.h */,
				302D95EF14D2391D003F00A1 /* MainViewController.m */,
				302D95F014D2391D003F00A1 /* MainViewController.xib */,
				1D3623240D0F684500981E51 /* AppDelegate.h */,
				1D3623250D0F684500981E51 /* AppDelegate.m */,
			);
			name = Classes;
			path = "Eddystone/Classes";
			sourceTree = SOURCE_ROOT;
		};
		19C28FACFE9D520D11CA2CBB /* Products */ = {
			isa = PBXGroup;
			children = (
				1D6058910D05DD3D006BFB54 /* Eddystone.app */,
			);
			name = Products;
			sourceTree = "<group>";
		};
		29B97314FDCFA39411CA2CEA /* CustomTemplate */ = {
			isa = PBXGroup;
			children = (
				EB87FDF41871DAF40020F90C /* config.xml */,
				EB87FDF31871DA8E0020F90C /* www */,
				EB87FDF11871DA420020F90C /* Staging */,
				301BF52D109A57CC0062928A /* CordovaLib.xcodeproj */,
				080E96DDFE201D6D7F000001 /* Classes */,
				307C750510C5A3420062BCA9 /* Plugins */,
				29B97315FDCFA39411CA2CEA /* Other Sources */,
				29B97317FDCFA39411CA2CEA /* Resources */,
				29B97323FDCFA39411CA2CEA /* Frameworks */,
				19C28FACFE9D520D11CA2CBB /* Products */,
			);
			name = CustomTemplate;
			sourceTree = "<group>";
		};
		29B97315FDCFA39411CA2CEA /* Other Sources */ = {
			isa = PBXGroup;
			children = (
				32CA4F630368D1EE00C91783 /* Eddystone-Prefix.pch */,
				29B97316FDCFA39411CA2CEA /* main.m */,
				ED33DF2A687741AEAF9F8254 /* Bridging-Header.h */,
			);
			name = "Other Sources";
			path = "Eddystone";
			sourceTree = "<group>";
		};
		29B97317FDCFA39411CA2CEA /* Resources */ = {
			isa = PBXGroup;
			children = (
				0207DA571B56EA530066E2B4 /* Images.xcassets */,
				3047A50E1AB8057F00498E2A /* config */,
				8D1107310486CEB800E47090 /* Eddystone-Info.plist */,
				6AFF5BF81D6E424B00AB3073 /* CDVLaunchScreen.storyboard */,
				0CF46D53329841CAA4B79501 /* CDVNotification.bundle */,
				897287BB09144E6D8FC58EC8 /* CDVCapture.bundle */,
			);
			name = Resources;
			path = "Eddystone/Resources";
			sourceTree = "<group>";
		};
		29B97323FDCFA39411CA2CEA /* Frameworks */ = {
			isa = PBXGroup;
			children = (
				C8E48B173EBE4A2EBCD6FC97 /* CoreBluetooth.framework */,
				4634083C640A47D58CBD1E10 /* ImageIO.framework */,
				3CFD44BBF9924141A7AC17BF /* CoreLocation.framework */,
				A4850FA3F2AB4BBA9EF1C73E /* AVFoundation.framework */,
				3C2CDF6CE93E450EB52BC289 /* AddressBook.framework */,
				1E66CBB15E0A48AA8FF31493 /* AddressBookUI.framework */,
				364F219C059F4EC0B4CBAF0B /* libz.tbd */,
				374BDC2923604DC68BF02F50 /* CoreMotion.framework */,
				225C5BD0ECA64E1CA05DD412 /* AudioToolbox.framework */,
				116862DA84464008A0279BA9 /* SystemConfiguration.framework */,
				5645579A8F5C4F10848F1362 /* CoreTelephony.framework */,
			);
			name = Frameworks;
			sourceTree = "<group>";
		};
		301BF52E109A57CC0062928A /* Products */ = {
			isa = PBXGroup;
			children = (
				301BF535109A57CC0062928A /* libCordova.a */,
			);
			name = Products;
			sourceTree = "<group>";
		};
		3047A50E1AB8057F00498E2A /* config */ = {
			isa = PBXGroup;
			children = (
				3047A50F1AB8059700498E2A /* build-debug.xcconfig */,
				3047A5101AB8059700498E2A /* build-release.xcconfig */,
				3047A5111AB8059700498E2A /* build.xcconfig */,
			);
			name = config;
			sourceTree = "<group>";
		};
		307C750510C5A3420062BCA9 /* Plugins */ = {
			isa = PBXGroup;
			children = (
				307BB47B9E76438B9B406EC9 /* EVOBLE.m */,
				BE41BBAA2B87488B9B8F870C /* EVOBLE.h */,
				48ABB1378BE646DFB835DD04 /* CDVBattery.m */,
				AB53F875C0C94750B1F1F415 /* CDVBattery.h */,
				A8B576DB24CF4BB59C50819B /* UIImage+CropScaleOrientation.m */,
				7A8031023DE9407BA7DD64B2 /* CDVCamera.m */,
				E473517EB9B0484595198E4A /* CDVJpegHeaderWriter.m */,
				CE1EE82C84084197B4631446 /* UIImage+CropScaleOrientation.h */,
				FAF71EB1E69D47C0808AD3A2 /* CDVCamera.h */,
				3114C0AB428646A3AE43248F /* CDVJpegHeaderWriter.h */,
				B0C16BD0C8434B429E37C780 /* CDVExif.h */,
				9537B733811D4BF4951209C9 /* CDVLogger.m */,
				2D0A7B6D20EA4574B97687BC /* CDVLogger.h */,
				9551431776AF4CEEAEC65305 /* CDVContacts.m */,
				8081E838876F4DC28FAC3D42 /* CDVContact.m */,
				7A5F00D5B0614D2C8113C7B7 /* CDVContacts.h */,
				806EDF899BE44391B14B728F /* CDVContact.h */,
				9AD4A80FA6C945F281048723 /* CDVDevice.m */,
				F1555C40ECD041B7AC73121E /* CDVDevice.h */,
				971F5A74AF3A4A989331DB25 /* CDVAccelerometer.m */,
				6C1B9634B380441499C7ABB5 /* CDVAccelerometer.h */,
				3D1101F868DB4E488806A280 /* CDVCompass.m */,
				AAF2A84DCE0B4666904136AD /* CDVCompass.h */,
				81BBAF34C5B84D6F87708B2D /* CDVNotification.m */,
				2ED9C786BD0E479C87E4D5E9 /* CDVNotification.h */,
				20F61629CDB540CBAF977744 /* CDVFile.m */,
				6E21685F749E4EBCA815CB18 /* CDVLocalFilesystem.m */,
				35C1349980414B72983A258E /* CDVAssetLibraryFilesystem.m */,
				E1C383F2BB214326B2A049FA /* CDVFile.h */,
				8FAE23020DE7487AA22A7B1C /* CDVLocalFilesystem.h */,
				0A490A9BD9CE4BDFB9E152AC /* CDVAssetLibraryFilesystem.h */,
				B7A5CBE6A3904805A1226E7D /* CDVFileTransfer.m */,
				F67A2DB721DD44F6BA7806EC /* CDVFileTransfer.h */,
				FBC9906B2FF84693831CE048 /* CDVLocation.m */,
				BF4B43B026244DE98AE92E31 /* CDVLocation.h */,
				00B5FAD4D9DA4E489BF9897A /* CDVGlobalization.m */,
				14FFA7CA04F44F339ED18504 /* CDVGlobalization.h */,
				4DF3FFAC9E794A51BFBEF276 /* CDVInAppBrowser.m */,
				F167057D1B48484E8284477C /* CDVInAppBrowser.h */,
				87C12E3B069B484E9D2C0FD1 /* CDVSound.m */,
				D96A261216874ED797B53D15 /* CDVSound.h */,
				AE53F5ED9D39446CB4D48584 /* CDVCapture.m */,
				23EEC0ADA91643B680086563 /* CDVCapture.h */,
				5FACD74A0AB4427FBB1F496C /* CDVConnection.m */,
				7CF118B907734B3D90F2E714 /* CDVReachability.m */,
				7D257DA8ABEC4E0FA7A1BE05 /* CDVConnection.h */,
				3FBE37A278904B2FA42BFE70 /* CDVReachability.h */,
				F9DF3224E43748A796B8BD30 /* CDVSplashScreen.m */,
				6F611FCCAF474568BC4AF29E /* CDVViewController+SplashScreen.m */,
				9997B156360B4B6D819E6637 /* CDVSplashScreen.h */,
				45DF7F387E27467F9DF1D336 /* CDVViewController+SplashScreen.h */,
				008C1103378A474E9DC27B19 /* CDVStatusBar.m */,
				4342887EDC7E409AB9E6AC04 /* CDVStatusBar.h */,
				4A1F77ECDDC64EC4933FE560 /* CDVVibration.m */,
				12AE3ACDB0F94D72BE8DFEBB /* CDVVibration.h */,
			);
			name = Plugins;
			path = "Eddystone/Plugins";
			sourceTree = SOURCE_ROOT;
		};
		EB87FDF11871DA420020F90C /* Staging */ = {
			isa = PBXGroup;
			children = (
				F840E1F0165FE0F500CFE078 /* config.xml */,
				301BF56E109A69640062928A /* www */,
			);
			name = Staging;
			sourceTree = "<group>";
		};
/* End PBXGroup section */

/* Begin PBXNativeTarget section */
		1D6058900D05DD3D006BFB54 /* Eddystone */ = {
			isa = PBXNativeTarget;
			buildConfigurationList = 1D6058960D05DD3E006BFB54 /* Build configuration list for PBXNativeTarget "Eddystone" */;
			buildPhases = (
				304B58A110DAC018002A0835 /* Copy www directory */,
				1D60588D0D05DD3D006BFB54 /* Resources */,
				1D60588E0D05DD3D006BFB54 /* Sources */,
				1D60588F0D05DD3D006BFB54 /* Frameworks */,
			);
			buildRules = (
			);
			dependencies = (
				301BF551109A68C00062928A /* PBXTargetDependency */,
			);
			name = "Eddystone";
			productName = "Eddystone";
			productReference = 1D6058910D05DD3D006BFB54 /* Eddystone.app */;
			productType = "com.apple.product-type.application";
		};
/* End PBXNativeTarget section */

/* Begin PBXProject section */
		29B97313FDCFA39411CA2CEA /* Project object */ = {
			isa = PBXProject;
			attributes = {
				LastUpgradeCheck = 510;
			};
			buildConfigurationList = C01FCF4E08A954540054247B /* Build configuration list for PBXProject "__NON-CLI__" */;
			compatibilityVersion = "Xcode 3.2";
			developmentRegion = English;
			hasScannedForEncodings = 1;
			mainGroup = 29B97314FDCFA39411CA2CEA /* CustomTemplate */;
			projectDirPath = "";
			projectReferences = (
				{
					ProductGroup = 301BF52E109A57CC0062928A /* Products */;
					ProjectRef = 301BF52D109A57CC0062928A /* CordovaLib.xcodeproj */;
				},
			);
			projectRoot = "";
			targets = (
				1D6058900D05DD3D006BFB54 /* Eddystone */,
			);
		};
/* End PBXProject section */

/* Begin PBXReferenceProxy section */
		301BF535109A57CC0062928A /* libCordova.a */ = {
			isa = PBXReferenceProxy;
			fileType = archive.ar;
			path = libCordova.a;
			remoteRef = 301BF534109A57CC0062928A /* PBXContainerItemProxy */;
			sourceTree = BUILT_PRODUCTS_DIR;
		};
/* End PBXReferenceProxy section */

/* Begin PBXResourcesBuildPhase section */
		1D60588D0D05DD3D006BFB54 /* Resources */ = {
			isa = PBXResourcesBuildPhase;
			buildActionMask = 2147483647;
			files = (
				302D95F214D2391D003F00A1 /* MainViewController.xib in Resources */,
				0207DA581B56EA530066E2B4 /* Images.xcassets in Resources */,
				6AFF5BF91D6E424B00AB3073 /* CDVLaunchScreen.storyboard in Resources */,
				3308FFEB0819479E97893B25 /* CDVNotification.bundle in Resources */,
				404E284A05B841D7AF802F58 /* CDVCapture.bundle in Resources */,
			);
			runOnlyForDeploymentPostprocessing = 0;
		};
/* End PBXResourcesBuildPhase section */

/* Begin PBXShellScriptBuildPhase section */
		304B58A110DAC018002A0835 /* Copy www directory */ = {
			isa = PBXShellScriptBuildPhase;
			buildActionMask = 2147483647;
			files = (
			);
			inputPaths = (
			);
			name = "Copy www directory";
			outputPaths = (
			);
			runOnlyForDeploymentPostprocessing = 0;
			shellPath = /bin/sh;
			shellScript = "NODEJS_PATH=/usr/local/bin; NVM_NODE_PATH=~/.nvm/versions/node/`nvm version 2>/dev/null`/bin; N_NODE_PATH=`find /usr/local/n/versions/node/* -maxdepth 0 -type d 2>/dev/null | tail -1`/bin; XCODE_NODE_PATH=`xcode-select --print-path`/usr/share/xcs/Node/bin; PATH=$NODEJS_PATH:$NVM_NODE_PATH:$N_NODE_PATH:$XCODE_NODE_PATH:$PATH && node cordova/lib/copy-www-build-step.js";
			showEnvVarsInLog = 0;
		};
/* End PBXShellScriptBuildPhase section */

/* Begin PBXSourcesBuildPhase section */
		1D60588E0D05DD3D006BFB54 /* Sources */ = {
			isa = PBXSourcesBuildPhase;
			buildActionMask = 2147483647;
			files = (
				1D60589B0D05DD56006BFB54 /* main.m in Sources */,
				1D3623260D0F684500981E51 /* AppDelegate.m in Sources */,
				302D95F114D2391D003F00A1 /* MainViewController.m in Sources */,
				DC333C6D5B3A4423807469D7 /* EVOBLE.m in Sources */,
				747ECE6623834B67BFD64BED /* CDVBattery.m in Sources */,
				33A500A1D53A44F08D5F857F /* UIImage+CropScaleOrientation.m in Sources */,
				825873C5015944C98EF33D92 /* CDVCamera.m in Sources */,
				7A23BBA721B54D829155EABD /* CDVJpegHeaderWriter.m in Sources */,
				6740AD4EE4604E818EFD449B /* CDVLogger.m in Sources */,
				EF4C927D5B434D01A2706A2E /* CDVContacts.m in Sources */,
				A215389FE48E48D9993859F2 /* CDVContact.m in Sources */,
				D5C8E2F847D5414FBCFB4F0F /* CDVDevice.m in Sources */,
				ACC7BD27A2184A80BAD34922 /* CDVAccelerometer.m in Sources */,
				EC4585FF22AC45DA83809F1C /* CDVCompass.m in Sources */,
				47F4E1CE48BE4F379E60857B /* CDVNotification.m in Sources */,
				B0AFB089CE59433C89AE2FB8 /* CDVFile.m in Sources */,
				3286DFA2795449CFB07A8C45 /* CDVLocalFilesystem.m in Sources */,
				651CCA65AEF94576AF342F5A /* CDVAssetLibraryFilesystem.m in Sources */,
				6439FC7F5E404D0485C3726C /* CDVFileTransfer.m in Sources */,
				DC451B2C390F417F8B9195B6 /* CDVLocation.m in Sources */,
				5698ECABD01D40F69DD30528 /* CDVGlobalization.m in Sources */,
				9049581B519349C6B2C6AAB3 /* CDVInAppBrowser.m in Sources */,
				2F40E17E8D0F40ABBB57863C /* CDVSound.m in Sources */,
				3942507BC03F434FB24D6891 /* CDVCapture.m in Sources */,
				2E15B62B6B304C41BE4F4BF9 /* CDVConnection.m in Sources */,
				BFD253BA8ACD4C68A2A3530E /* CDVReachability.m in Sources */,
				3233F7A0DD474F28976C87D7 /* CDVSplashScreen.m in Sources */,
				3653F634438A47C8A880C308 /* CDVViewController+SplashScreen.m in Sources */,
				014904C70C3C4992B0B688D3 /* CDVStatusBar.m in Sources */,
				636855EDCDF14A2A90FD8E6D /* CDVVibration.m in Sources */,
			);
			runOnlyForDeploymentPostprocessing = 0;
		};
/* End PBXSourcesBuildPhase section */

/* Begin PBXTargetDependency section */
		301BF551109A68C00062928A /* PBXTargetDependency */ = {
			isa = PBXTargetDependency;
			name = CordovaLib;
			targetProxy = 301BF550109A68C00062928A /* PBXContainerItemProxy */;
		};
/* End PBXTargetDependency section */

/* Begin XCBuildConfiguration section */
		1D6058940D05DD3E006BFB54 /* Debug */ = {
			isa = XCBuildConfiguration;
			baseConfigurationReference = 3047A50F1AB8059700498E2A /* build-debug.xcconfig */;
			buildSettings = {
				ALWAYS_SEARCH_USER_PATHS = NO;
				ASSETCATALOG_COMPILER_APPICON_NAME = AppIcon;
				ASSETCATALOG_COMPILER_LAUNCHIMAGE_NAME = LaunchImage;
				CLANG_ENABLE_MODULES = YES;
				CLANG_ENABLE_OBJC_ARC = YES;
				COPY_PHASE_STRIP = NO;
				GCC_DYNAMIC_NO_PIC = NO;
				GCC_OPTIMIZATION_LEVEL = 0;
				GCC_PRECOMPILE_PREFIX_HEADER = YES;
				GCC_PREFIX_HEADER = "Eddystone/Eddystone-Prefix.pch";
				GCC_THUMB_SUPPORT = NO;
				GCC_VERSION = "";
				INFOPLIST_FILE = "Eddystone/Eddystone-Info.plist";
				IPHONEOS_DEPLOYMENT_TARGET = 9.0;
				LD_RUNPATH_SEARCH_PATHS = "@executable_path/Frameworks";
				TARGETED_DEVICE_FAMILY = "1,2";
				PRODUCT_NAME = "Eddystone";
			};
			name = Debug;
		};
		1D6058950D05DD3E006BFB54 /* Release */ = {
			isa = XCBuildConfiguration;
			baseConfigurationReference = 3047A5101AB8059700498E2A /* build-release.xcconfig */;
			buildSettings = {
				ALWAYS_SEARCH_USER_PATHS = NO;
				ASSETCATALOG_COMPILER_APPICON_NAME = AppIcon;
				ASSETCATALOG_COMPILER_LAUNCHIMAGE_NAME = LaunchImage;
				CLANG_ENABLE_MODULES = YES;
				CLANG_ENABLE_OBJC_ARC = YES;
				COPY_PHASE_STRIP = YES;
				GCC_PRECOMPILE_PREFIX_HEADER = YES;
				GCC_PREFIX_HEADER = "Eddystone/Eddystone-Prefix.pch";
				GCC_THUMB_SUPPORT = NO;
				GCC_VERSION = "";
				INFOPLIST_FILE = "Eddystone/Eddystone-Info.plist";
				IPHONEOS_DEPLOYMENT_TARGET = 9.0;
				LD_RUNPATH_SEARCH_PATHS = "@executable_path/Frameworks";
				TARGETED_DEVICE_FAMILY = "1,2";
				PRODUCT_NAME = "Eddystone";
			};
			name = Release;
		};
		C01FCF4F08A954540054247B /* Debug */ = {
			isa = XCBuildConfiguration;
			baseConfigurationReference = 3047A5111AB8059700498E2A /* build.xcconfig */;
			buildSettings = {
				CLANG_ENABLE_MODULES = YES;
				CLANG_ENABLE_OBJC_ARC = YES;
				CLANG_WARN_BOOL_CONVERSION = YES;
				CLANG_WARN_CONSTANT_CONVERSION = YES;
				CLANG_WARN_EMPTY_BODY = YES;
				CLANG_WARN_ENUM_CONVERSION = YES;
				CLANG_WARN_INT_CONVERSION = YES;
				CLANG_WARN__DUPLICATE_METHOD_MATCH = YES;
				GCC_C_LANGUAGE_STANDARD = c99;
				GCC_THUMB_SUPPORT = NO;
				GCC_VERSION = "";
				GCC_WARN_ABOUT_RETURN_TYPE = YES;
				GCC_WARN_UNDECLARED_SELECTOR = YES;
				GCC_WARN_UNINITIALIZED_AUTOS = YES;
				GCC_WARN_UNUSED_FUNCTION = YES;
				GCC_WARN_UNUSED_VARIABLE = YES;
				ONLY_ACTIVE_ARCH = YES;
				SDKROOT = iphoneos;
				SKIP_INSTALL = NO;
				ASSETCATALOG_COMPILER_LAUNCHIMAGE_NAME = LaunchImage;
			};
			name = Debug;
		};
		C01FCF5008A954540054247B /* Release */ = {
			isa = XCBuildConfiguration;
			baseConfigurationReference = 3047A5111AB8059700498E2A /* build.xcconfig */;
			buildSettings = {
				CLANG_ENABLE_MODULES = YES;
				CLANG_ENABLE_OBJC_ARC = YES;
				CLANG_WARN_BOOL_CONVERSION = YES;
				CLANG_WARN_CONSTANT_CONVERSION = YES;
				CLANG_WARN_EMPTY_BODY = YES;
				CLANG_WARN_ENUM_CONVERSION = YES;
				CLANG_WARN_INT_CONVERSION = YES;
				CLANG_WARN__DUPLICATE_METHOD_MATCH = YES;
				GCC_C_LANGUAGE_STANDARD = c99;
				GCC_THUMB_SUPPORT = NO;
				GCC_VERSION = "";
				GCC_WARN_ABOUT_RETURN_TYPE = YES;
				GCC_WARN_UNDECLARED_SELECTOR = YES;
				GCC_WARN_UNINITIALIZED_AUTOS = YES;
				GCC_WARN_UNUSED_FUNCTION = YES;
				GCC_WARN_UNUSED_VARIABLE = YES;
				SDKROOT = iphoneos;
				SKIP_INSTALL = NO;
				ASSETCATALOG_COMPILER_LAUNCHIMAGE_NAME = LaunchImage;
			};
			name = Release;
		};
/* End XCBuildConfiguration section */

/* Begin XCConfigurationList section */
		1D6058960D05DD3E006BFB54 /* Build configuration list for PBXNativeTarget "Eddystone" */ = {
			isa = XCConfigurationList;
			buildConfigurations = (
				1D6058940D05DD3E006BFB54 /* Debug */,
				1D6058950D05DD3E006BFB54 /* Release */,
			);
			defaultConfigurationIsVisible = 0;
			defaultConfigurationName = Release;
		};
		C01FCF4E08A954540054247B /* Build configuration list for PBXProject "__NON-CLI__" */ = {
			isa = XCConfigurationList;
			buildConfigurations = (
				C01FCF4F08A954540054247B /* Debug */,
				C01FCF5008A954540054247B /* Release */,
			);
			defaultConfigurationIsVisible = 0;
			defaultConfigurationName = Release;
		};
/* End XCConfigurationList section */
	};
	rootObject = 29B97313FDCFA39411CA2CEA /* Project object */;
}
